
Microsoft Visual Studio Solution File, Format Version 12.00
# Visual Studio Version 17
VisualStudioVersion = 17.0.31903.59
MinimumVisualStudioVersion = 10.0.40219.1
Project("{2150E333-8FDC-42A3-9474-1A3956D46DE8}") = "1.0", "1.0", "{A70633DE-B343-4A77-A5DC-63CFCD6CAF7D}"
EndProject
Project("{FAE04EC0-301F-11D3-BF4B-00C04F79EFBC}") = "Delegates", "1.0\Delegates\Delegates.csproj", "{A89BCF69-577D-41E9-884F-71CD9399AB57}"
EndProject
Project("{FAE04EC0-301F-11D3-BF4B-00C04F79EFBC}") = "ExceptionHandling", "1.0\ExceptionHandling\ExceptionHandling.csproj", "{12FB7F7A-FD15-4BA9-843E-7F1C0DEDF14F}"
EndProject
Project("{FAE04EC0-301F-11D3-BF4B-00C04F79EFBC}") = "InterfaceImplementation", "1.0\InterfaceImplementation\InterfaceImplementation.csproj", "{56DD20F4-BF16-4B98-95E1-03EFD38A2AB1}"
EndProject
Project("{FAE04EC0-301F-11D3-BF4B-00C04F79EFBC}") = "Using", "1.0\Using\Using.csproj", "{FB0584DC-1971-4CFA-871A-35342EB97DB5}"
EndProject
Project("{2150E333-8FDC-42A3-9474-1A3956D46DE8}") = "10.0", "10.0", "{39BFB002-5713-40C9-B9FE-C9263C9F4540}"
EndProject
Project("{FAE04EC0-301F-11D3-BF4B-00C04F79EFBC}") = "CallerArgumentExpressions", "10.0\CallerArgumentExpressions\CallerArgumentExpressions.csproj", "{9AB0FDEC-B40D-4D70-B5BD-CA1FD4015958}"
EndProject
Project("{FAE04EC0-301F-11D3-BF4B-00C04F79EFBC}") = "LambdaExpressions", "10.0\LambdaExpressions\LambdaExpressions.csproj", "{99624C9B-D58E-4625-8973-A37C9011A7D5}"
EndProject
Project("{FAE04EC0-301F-11D3-BF4B-00C04F79EFBC}") = "RecordTypes", "10.0\RecordTypes\RecordTypes.csproj", "{D64475FE-F9EB-460F-BEFC-64D2BDB9AD86}"
EndProject
Project("{FAE04EC0-301F-11D3-BF4B-00C04F79EFBC}") = "WithNews", "10.0\WithNews\WithNews.csproj", "{0C50FB30-D028-48B7-BF22-839D9B699218}"
EndProject
Project("{2150E333-8FDC-42A3-9474-1A3956D46DE8}") = "11.0", "11.0", "{F863D20B-FAAB-4818-8F9F-602DF4700D7C}"
EndProject
Project("{FAE04EC0-301F-11D3-BF4B-00C04F79EFBC}") = "GenericMaths", "11.0\GenericMaths\GenericMaths.csproj", "{ED56F2C2-A729-4791-9C91-3737E887D116}"
EndProject
Project("{FAE04EC0-301F-11D3-BF4B-00C04F79EFBC}") = "RequiredMembers", "11.0\RequiredMembers\RequiredMembers.csproj", "{271CF1B9-2D5A-455E-9326-D1D7F8095FA8}"
EndProject
Project("{FAE04EC0-301F-11D3-BF4B-00C04F79EFBC}") = "StringNews", "11.0\StringNews\StringNews.csproj", "{AF1E572A-BF03-472C-B25B-DE8980004D65}"
EndProject
Project("{2150E333-8FDC-42A3-9474-1A3956D46DE8}") = "2.0", "2.0", "{1CC931B7-8D1D-49D7-837E-BBAD21FB8994}"
EndProject
Project("{FAE04EC0-301F-11D3-BF4B-00C04F79EFBC}") = "AnonymousMethods", "2.0\AnonymousMethods\AnonymousMethods.csproj", "{905AF69B-B698-4151-B88B-15E2CB2C4180}"
EndProject
Project("{FAE04EC0-301F-11D3-BF4B-00C04F79EFBC}") = "Closures", "2.0\Closures\Closures.csproj", "{3C73B6A2-93AB-4D88-BA2C-E0DF2E1D706B}"
EndProject
Project("{FAE04EC0-301F-11D3-BF4B-00C04F79EFBC}") = "DelegateVariance", "2.0\DelegateVariance\DelegateVariance.csproj", "{BFF515EF-A947-40F8-9B3C-F07840C64F24}"
EndProject
Project("{FAE04EC0-301F-11D3-BF4B-00C04F79EFBC}") = "Generics", "2.0\Generics\Generics.csproj", "{BD10D8F5-C5AD-4E3E-9B15-1C7BC1AC4A8D}"
EndProject
Project("{FAE04EC0-301F-11D3-BF4B-00C04F79EFBC}") = "Iterators", "2.0\Iterators\Iterators.csproj", "{91474597-9B69-46EC-9AA7-06314AED65B0}"
EndProject
Project("{FAE04EC0-301F-11D3-BF4B-00C04F79EFBC}") = "NullCoalescing", "2.0\NullCoalescing\NullCoalescing.csproj", "{337D83FC-DA82-4DA4-9726-F92B4BC75D0B}"
EndProject
Project("{FAE04EC0-301F-11D3-BF4B-00C04F79EFBC}") = "NullableTypes", "2.0\NullableTypes\NullableTypes.csproj", "{7B8D10EF-99EA-4CCD-8873-AE649C27062B}"
EndProject
Project("{FAE04EC0-301F-11D3-BF4B-00C04F79EFBC}") = "PartialClasses", "2.0\PartialClasses\PartialClasses.csproj", "{203F1E65-E0E4-4F7B-BF4D-2E725C32FBE5}"
EndProject
Project("{FAE04EC0-301F-11D3-BF4B-00C04F79EFBC}") = "PropertyAccess", "2.0\PropertyAccess\PropertyAccess.csproj", "{83EF4C82-735C-489F-B9E7-5830919B08EB}"
EndProject
Project("{FAE04EC0-301F-11D3-BF4B-00C04F79EFBC}") = "StaticClasses", "2.0\StaticClasses\StaticClasses.csproj", "{CC868449-0CD2-4870-93A1-AFFEC9ED5CAF}"
EndProject
Project("{2150E333-8FDC-42A3-9474-1A3956D46DE8}") = "3.0", "3.0", "{FCB7363F-2530-4525-9E11-C0B30785D82B}"
EndProject
Project("{FAE04EC0-301F-11D3-BF4B-00C04F79EFBC}") = "AnonymousTypes", "3.0\AnonymousTypes\AnonymousTypes.csproj", "{6F164FC3-3090-4129-82E2-AEDFDC391D5D}"
EndProject
Project("{FAE04EC0-301F-11D3-BF4B-00C04F79EFBC}") = "AutoImplementedProperties", "3.0\AutoImplementedProperties\AutoImplementedProperties.csproj", "{C939CAA9-7586-4371-87DA-9311707F0D13}"
EndProject
Project("{FAE04EC0-301F-11D3-BF4B-00C04F79EFBC}") = "ExpressionTrees", "3.0\ExpressionTrees\ExpressionTrees.csproj", "{745BB761-73F2-4009-BAF7-84CA733DF5FE}"
EndProject
Project("{FAE04EC0-301F-11D3-BF4B-00C04F79EFBC}") = "ExtensionMethods", "3.0\ExtensionMethods\ExtensionMethods.csproj", "{D180784D-B25D-4BEA-B87E-E4443CB6DB8F}"
EndProject
Project("{FAE04EC0-301F-11D3-BF4B-00C04F79EFBC}") = "Initializers", "3.0\Initializers\Initializers.csproj", "{0655D176-9A2D-421D-898A-9F21BD281B52}"
EndProject
Project("{FAE04EC0-301F-11D3-BF4B-00C04F79EFBC}") = "LambdaExpressions", "3.0\LambdaExpressions\LambdaExpressions.csproj", "{77111C4A-A7D5-40EC-830D-610B0988D42D}"
EndProject
Project("{FAE04EC0-301F-11D3-BF4B-00C04F79EFBC}") = "PartialMethods", "3.0\PartialMethods\PartialMethods.csproj", "{1475A3AC-C0A3-4D25-95BE-F65F2E0DAFAB}"
EndProject
Project("{FAE04EC0-301F-11D3-BF4B-00C04F79EFBC}") = "QueryExpressions", "3.0\QueryExpressions\QueryExpressions.csproj", "{63FC1313-7B5A-4754-BBA3-979821F41239}"
EndProject
Project("{FAE04EC0-301F-11D3-BF4B-00C04F79EFBC}") = "Var", "3.0\Var\Var.csproj", "{89BADCAC-C366-42D0-A630-97A6AD825521}"
EndProject
Project("{2150E333-8FDC-42A3-9474-1A3956D46DE8}") = "4.0", "4.0", "{3E137305-41B8-46C9-9D9F-F945E1F0E8EC}"
EndProject
Project("{FAE04EC0-301F-11D3-BF4B-00C04F79EFBC}") = "Dynamic", "4.0\Dynamic\Dynamic.csproj", "{436031F9-C083-4F9B-8DFC-D6D4D1EFF1AF}"
EndProject
Project("{FAE04EC0-301F-11D3-BF4B-00C04F79EFBC}") = "InOutVariance", "4.0\InOutVariance\InOutVariance.csproj", "{39C0594E-389A-4091-B773-2F72C725E61E}"
EndProject
Project("{FAE04EC0-301F-11D3-BF4B-00C04F79EFBC}") = "OptionalNamedParameters", "4.0\OptionalNamedParameters\OptionalNamedParameters.csproj", "{8E3F5D03-22E5-4DD5-8734-FD9EECA32A88}"
EndProject
Project("{2150E333-8FDC-42A3-9474-1A3956D46DE8}") = "5.0", "5.0", "{8BB60F14-25EE-4C54-9F88-06B2B339157E}"
EndProject
Project("{FAE04EC0-301F-11D3-BF4B-00C04F79EFBC}") = "AsyncAwait", "5.0\AsyncAwait\AsyncAwait.csproj", "{B7E39819-D27C-4FA4-92C7-27B12D9347CB}"
EndProject
Project("{2150E333-8FDC-42A3-9474-1A3956D46DE8}") = "6.0", "6.0", "{3CE341C1-30D3-423A-A1D3-BE5597464766}"
EndProject
Project("{FAE04EC0-301F-11D3-BF4B-00C04F79EFBC}") = "AutoProperties", "6.0\AutoProperties\AutoProperties.csproj", "{B795064B-DC48-48CC-B28F-33E9A1A68EA4}"
EndProject
Project("{FAE04EC0-301F-11D3-BF4B-00C04F79EFBC}") = "CollectionInitializersAdd", "6.0\CollectionInitializersAdd\CollectionInitializersAdd.csproj", "{C4539758-19DC-44B4-BBAF-7B9D7107840F}"
EndProject
Project("{FAE04EC0-301F-11D3-BF4B-00C04F79EFBC}") = "ExceptionFilters", "6.0\ExceptionFilters\ExceptionFilters.csproj", "{6F0FEF5A-19E9-4E19-9687-5BD231F4C249}"
EndProject
Project("{FAE04EC0-301F-11D3-BF4B-00C04F79EFBC}") = "ExpressionBodies", "6.0\ExpressionBodies\ExpressionBodies.csproj", "{3D40F66E-D8BA-4CB5-96D0-44E223DB5AEE}"
EndProject
Project("{FAE04EC0-301F-11D3-BF4B-00C04F79EFBC}") = "IndexInitializers", "6.0\IndexInitializers\IndexInitializers.csproj", "{3F9510F0-8599-4EFE-AF5A-5A32D0C5DB46}"
EndProject
Project("{FAE04EC0-301F-11D3-BF4B-00C04F79EFBC}") = "NameOf", "6.0\NameOf\NameOf.csproj", "{5F1BD829-8286-4C50-AF2C-10DC5F1CB8A0}"
EndProject
Project("{FAE04EC0-301F-11D3-BF4B-00C04F79EFBC}") = "NullConditionalOperators", "6.0\NullConditionalOperators\NullConditionalOperators.csproj", "{3169086D-7323-49F8-819D-2D1F8EDB4FC7}"
EndProject
Project("{FAE04EC0-301F-11D3-BF4B-00C04F79EFBC}") = "StringInterpolation", "6.0\StringInterpolation\StringInterpolation.csproj", "{E161FCB0-F188-4389-B738-7FD3EA043706}"
EndProject
Project("{FAE04EC0-301F-11D3-BF4B-00C04F79EFBC}") = "UsingStaticClasses", "6.0\UsingStaticClasses\UsingStaticClasses.csproj", "{0E154AF1-4C74-42B2-8858-F620DADC8357}"
EndProject
Project("{2150E333-8FDC-42A3-9474-1A3956D46DE8}") = "7.0", "7.0", "{DB839850-92BF-477F-99DB-6025935FB457}"
EndProject
Project("{FAE04EC0-301F-11D3-BF4B-00C04F79EFBC}") = "Literals", "7.0\Literals\Literals.csproj", "{B14C55DE-0260-40DE-8151-44F1DAD960A8}"
EndProject
Project("{FAE04EC0-301F-11D3-BF4B-00C04F79EFBC}") = "LocalFunctions", "7.0\LocalFunctions\LocalFunctions.csproj", "{FC1635F1-C897-4471-9035-86C64CC1778D}"
EndProject
Project("{FAE04EC0-301F-11D3-BF4B-00C04F79EFBC}") = "MoreExpressionBodies", "7.0\MoreExpressionBodies\MoreExpressionBodies.csproj", "{A3C926A4-42F3-4AB7-A6B6-E3ADD5C431C5}"
EndProject
Project("{FAE04EC0-301F-11D3-BF4B-00C04F79EFBC}") = "OutVariables", "7.0\OutVariables\OutVariables.csproj", "{55FD9277-99D0-4058-BF55-AA1B5C723626}"
EndProject
Project("{FAE04EC0-301F-11D3-BF4B-00C04F79EFBC}") = "PatternMatching", "7.0\PatternMatching\PatternMatching.csproj", "{6442F24E-B1F5-4476-99D1-E7A2F2E1266C}"
EndProject
Project("{FAE04EC0-301F-11D3-BF4B-00C04F79EFBC}") = "RefReturnsAndLocals", "7.0\RefReturnsAndLocals\RefReturnsAndLocals.csproj", "{25F5D387-96B1-4748-BB89-B04A2DDA11B2}"
EndProject
Project("{FAE04EC0-301F-11D3-BF4B-00C04F79EFBC}") = "ThrowExpressions", "7.0\ThrowExpressions\ThrowExpressions.csproj", "{A55693F9-C9EC-4C1D-85D8-79126F238A97}"
EndProject
Project("{FAE04EC0-301F-11D3-BF4B-00C04F79EFBC}") = "Tuples", "7.0\Tuples\Tuples.csproj", "{D91C258C-67D0-402F-8BF5-501A5453F125}"
EndProject
Project("{2150E333-8FDC-42A3-9474-1A3956D46DE8}") = "8.0", "8.0", "{2865D4A8-D140-4E8C-BC16-156AEEC6CB71}"
EndProject
Project("{FAE04EC0-301F-11D3-BF4B-00C04F79EFBC}") = "AsyncStreams", "8.0\AsyncStreams\AsyncStreams.csproj", "{38DEC614-A0AF-4418-AD9B-2552F5BC21CF}"
EndProject
Project("{FAE04EC0-301F-11D3-BF4B-00C04F79EFBC}") = "DefaultInterfaceMembers", "8.0\DefaultInterfaceMembers\DefaultInterfaceMembers.csproj", "{C2AF222A-C6E4-44F6-8BBE-E074704EE8C3}"
EndProject
Project("{FAE04EC0-301F-11D3-BF4B-00C04F79EFBC}") = "NullCoalescingAssignment", "8.0\NullCoalescingAssignment\NullCoalescingAssignment.csproj", "{EADA30A3-348B-46BD-835F-EAB2799D1747}"
EndProject
Project("{FAE04EC0-301F-11D3-BF4B-00C04F79EFBC}") = "NullableReferenceTypes", "8.0\NullableReferenceTypes\NullableReferenceTypes.csproj", "{BCF33808-93E8-4DCD-9697-B89DECB6E0B3}"
EndProject
Project("{FAE04EC0-301F-11D3-BF4B-00C04F79EFBC}") = "Ranges", "8.0\Ranges\Ranges.csproj", "{A6E6A669-B34A-4038-96FA-2D3011B0AC7B}"
EndProject
Project("{FAE04EC0-301F-11D3-BF4B-00C04F79EFBC}") = "ReadonlyMembers", "8.0\ReadonlyMembers\ReadonlyMembers.csproj", "{5DAE13A5-3CD4-4C7D-8A8E-4DC49CEA766B}"
EndProject
Project("{FAE04EC0-301F-11D3-BF4B-00C04F79EFBC}") = "StackAlloc", "8.0\StackAlloc\StackAlloc.csproj", "{2A5395D9-B16E-490B-AE00-C79D01250956}"
EndProject
Project("{FAE04EC0-301F-11D3-BF4B-00C04F79EFBC}") = "StaticLocalFunctions", "8.0\StaticLocalFunctions\StaticLocalFunctions.csproj", "{D6ED944E-F800-4F30-AE54-FFD6D1D3FECB}"
EndProject
Project("{FAE04EC0-301F-11D3-BF4B-00C04F79EFBC}") = "UsingDeclarationsAndPatterns", "8.0\UsingDeclarationsAndPatterns\UsingDeclarationsAndPatterns.csproj", "{1E6382E6-A81E-49ED-AA18-263E16C2AC04}"
EndProject
Project("{2150E333-8FDC-42A3-9474-1A3956D46DE8}") = "9.0", "9.0", "{8C7F30AE-C954-4869-973E-251BDB1F8D04}"
EndProject
Project("{FAE04EC0-301F-11D3-BF4B-00C04F79EFBC}") = "LambdaNews", "9.0\LambdaNews\LambdaNews.csproj", "{F25C6615-E68A-4330-BB93-C55978CB9914}"
EndProject
Project("{FAE04EC0-301F-11D3-BF4B-00C04F79EFBC}") = "New", "9.0\New\New.csproj", "{809D2C65-DAB9-4AA7-9FED-FBE777D27CD2}"
EndProject
Project("{FAE04EC0-301F-11D3-BF4B-00C04F79EFBC}") = "PerformanceFeatures", "9.0\PerformanceFeatures\PerformanceFeatures.csproj", "{62724355-D124-4670-BA24-9B5FA3F8BA69}"
EndProject
Project("{FAE04EC0-301F-11D3-BF4B-00C04F79EFBC}") = "RecordTypes", "9.0\RecordTypes\RecordTypes.csproj", "{1C421202-A3CA-4021-B3B3-69800B6E942B}"
EndProject
Project("{FAE04EC0-301F-11D3-BF4B-00C04F79EFBC}") = "TopLevelStatements", "9.0\TopLevelStatements\TopLevelStatements.csproj", "{2FB96E2E-6AB0-4409-8068-4F9A1002866D}"
EndProject
Project("{2150E333-8FDC-42A3-9474-1A3956D46DE8}") = "12.0", "12.0", "{8CA922C1-2B66-4925-BC9A-902DABB17E41}"
EndProject
Project("{FAE04EC0-301F-11D3-BF4B-00C04F79EFBC}") = "PrimaryConstructors", "12.0\PrimaryConstructors\PrimaryConstructors.csproj", "{D8DB8E95-2761-4692-A3D7-DB4007D14CC5}"
EndProject
Project("{FAE04EC0-301F-11D3-BF4B-00C04F79EFBC}") = "CollectionExpressions", "12.0\CollectionExpressions\CollectionExpressions.csproj", "{6E57B646-688C-4183-9843-2834E789679D}"
EndProject
Global
	GlobalSection(SolutionConfigurationPlatforms) = preSolution
		Debug|Any CPU = Debug|Any CPU
		Release|Any CPU = Release|Any CPU
	EndGlobalSection
	GlobalSection(SolutionProperties) = preSolution
		HideSolutionNode = FALSE
	EndGlobalSection
	GlobalSection(ProjectConfigurationPlatforms) = postSolution
		{A89BCF69-577D-41E9-884F-71CD9399AB57}.Debug|Any CPU.ActiveCfg = Debug|Any CPU
		{A89BCF69-577D-41E9-884F-71CD9399AB57}.Debug|Any CPU.Build.0 = Debug|Any CPU
		{A89BCF69-577D-41E9-884F-71CD9399AB57}.Release|Any CPU.ActiveCfg = Release|Any CPU
		{A89BCF69-577D-41E9-884F-71CD9399AB57}.Release|Any CPU.Build.0 = Release|Any CPU
		{12FB7F7A-FD15-4BA9-843E-7F1C0DEDF14F}.Debug|Any CPU.ActiveCfg = Debug|Any CPU
		{12FB7F7A-FD15-4BA9-843E-7F1C0DEDF14F}.Debug|Any CPU.Build.0 = Debug|Any CPU
		{12FB7F7A-FD15-4BA9-843E-7F1C0DEDF14F}.Release|Any CPU.ActiveCfg = Release|Any CPU
		{12FB7F7A-FD15-4BA9-843E-7F1C0DEDF14F}.Release|Any CPU.Build.0 = Release|Any CPU
		{56DD20F4-BF16-4B98-95E1-03EFD38A2AB1}.Debug|Any CPU.ActiveCfg = Debug|Any CPU
		{56DD20F4-BF16-4B98-95E1-03EFD38A2AB1}.Debug|Any CPU.Build.0 = Debug|Any CPU
		{56DD20F4-BF16-4B98-95E1-03EFD38A2AB1}.Release|Any CPU.ActiveCfg = Release|Any CPU
		{56DD20F4-BF16-4B98-95E1-03EFD38A2AB1}.Release|Any CPU.Build.0 = Release|Any CPU
		{FB0584DC-1971-4CFA-871A-35342EB97DB5}.Debug|Any CPU.ActiveCfg = Debug|Any CPU
		{FB0584DC-1971-4CFA-871A-35342EB97DB5}.Debug|Any CPU.Build.0 = Debug|Any CPU
		{FB0584DC-1971-4CFA-871A-35342EB97DB5}.Release|Any CPU.ActiveCfg = Release|Any CPU
		{FB0584DC-1971-4CFA-871A-35342EB97DB5}.Release|Any CPU.Build.0 = Release|Any CPU
		{9AB0FDEC-B40D-4D70-B5BD-CA1FD4015958}.Debug|Any CPU.ActiveCfg = Debug|Any CPU
		{9AB0FDEC-B40D-4D70-B5BD-CA1FD4015958}.Debug|Any CPU.Build.0 = Debug|Any CPU
		{9AB0FDEC-B40D-4D70-B5BD-CA1FD4015958}.Release|Any CPU.ActiveCfg = Release|Any CPU
		{9AB0FDEC-B40D-4D70-B5BD-CA1FD4015958}.Release|Any CPU.Build.0 = Release|Any CPU
		{99624C9B-D58E-4625-8973-A37C9011A7D5}.Debug|Any CPU.ActiveCfg = Debug|Any CPU
		{99624C9B-D58E-4625-8973-A37C9011A7D5}.Debug|Any CPU.Build.0 = Debug|Any CPU
		{99624C9B-D58E-4625-8973-A37C9011A7D5}.Release|Any CPU.ActiveCfg = Release|Any CPU
		{99624C9B-D58E-4625-8973-A37C9011A7D5}.Release|Any CPU.Build.0 = Release|Any CPU
		{D64475FE-F9EB-460F-BEFC-64D2BDB9AD86}.Debug|Any CPU.ActiveCfg = Debug|Any CPU
		{D64475FE-F9EB-460F-BEFC-64D2BDB9AD86}.Debug|Any CPU.Build.0 = Debug|Any CPU
		{D64475FE-F9EB-460F-BEFC-64D2BDB9AD86}.Release|Any CPU.ActiveCfg = Release|Any CPU
		{D64475FE-F9EB-460F-BEFC-64D2BDB9AD86}.Release|Any CPU.Build.0 = Release|Any CPU
		{0C50FB30-D028-48B7-BF22-839D9B699218}.Debug|Any CPU.ActiveCfg = Debug|Any CPU
		{0C50FB30-D028-48B7-BF22-839D9B699218}.Debug|Any CPU.Build.0 = Debug|Any CPU
		{0C50FB30-D028-48B7-BF22-839D9B699218}.Release|Any CPU.ActiveCfg = Release|Any CPU
		{0C50FB30-D028-48B7-BF22-839D9B699218}.Release|Any CPU.Build.0 = Release|Any CPU
		{ED56F2C2-A729-4791-9C91-3737E887D116}.Debug|Any CPU.ActiveCfg = Debug|Any CPU
		{ED56F2C2-A729-4791-9C91-3737E887D116}.Debug|Any CPU.Build.0 = Debug|Any CPU
		{ED56F2C2-A729-4791-9C91-3737E887D116}.Release|Any CPU.ActiveCfg = Release|Any CPU
		{ED56F2C2-A729-4791-9C91-3737E887D116}.Release|Any CPU.Build.0 = Release|Any CPU
		{271CF1B9-2D5A-455E-9326-D1D7F8095FA8}.Debug|Any CPU.ActiveCfg = Debug|Any CPU
		{271CF1B9-2D5A-455E-9326-D1D7F8095FA8}.Debug|Any CPU.Build.0 = Debug|Any CPU
		{271CF1B9-2D5A-455E-9326-D1D7F8095FA8}.Release|Any CPU.ActiveCfg = Release|Any CPU
		{271CF1B9-2D5A-455E-9326-D1D7F8095FA8}.Release|Any CPU.Build.0 = Release|Any CPU
		{AF1E572A-BF03-472C-B25B-DE8980004D65}.Debug|Any CPU.ActiveCfg = Debug|Any CPU
		{AF1E572A-BF03-472C-B25B-DE8980004D65}.Debug|Any CPU.Build.0 = Debug|Any CPU
		{AF1E572A-BF03-472C-B25B-DE8980004D65}.Release|Any CPU.ActiveCfg = Release|Any CPU
		{AF1E572A-BF03-472C-B25B-DE8980004D65}.Release|Any CPU.Build.0 = Release|Any CPU
		{905AF69B-B698-4151-B88B-15E2CB2C4180}.Debug|Any CPU.ActiveCfg = Debug|Any CPU
		{905AF69B-B698-4151-B88B-15E2CB2C4180}.Debug|Any CPU.Build.0 = Debug|Any CPU
		{905AF69B-B698-4151-B88B-15E2CB2C4180}.Release|Any CPU.ActiveCfg = Release|Any CPU
		{905AF69B-B698-4151-B88B-15E2CB2C4180}.Release|Any CPU.Build.0 = Release|Any CPU
		{3C73B6A2-93AB-4D88-BA2C-E0DF2E1D706B}.Debug|Any CPU.ActiveCfg = Debug|Any CPU
		{3C73B6A2-93AB-4D88-BA2C-E0DF2E1D706B}.Debug|Any CPU.Build.0 = Debug|Any CPU
		{3C73B6A2-93AB-4D88-BA2C-E0DF2E1D706B}.Release|Any CPU.ActiveCfg = Release|Any CPU
		{3C73B6A2-93AB-4D88-BA2C-E0DF2E1D706B}.Release|Any CPU.Build.0 = Release|Any CPU
		{BFF515EF-A947-40F8-9B3C-F07840C64F24}.Debug|Any CPU.ActiveCfg = Debug|Any CPU
		{BFF515EF-A947-40F8-9B3C-F07840C64F24}.Debug|Any CPU.Build.0 = Debug|Any CPU
		{BFF515EF-A947-40F8-9B3C-F07840C64F24}.Release|Any CPU.ActiveCfg = Release|Any CPU
		{BFF515EF-A947-40F8-9B3C-F07840C64F24}.Release|Any CPU.Build.0 = Release|Any CPU
		{BD10D8F5-C5AD-4E3E-9B15-1C7BC1AC4A8D}.Debug|Any CPU.ActiveCfg = Debug|Any CPU
		{BD10D8F5-C5AD-4E3E-9B15-1C7BC1AC4A8D}.Debug|Any CPU.Build.0 = Debug|Any CPU
		{BD10D8F5-C5AD-4E3E-9B15-1C7BC1AC4A8D}.Release|Any CPU.ActiveCfg = Release|Any CPU
		{BD10D8F5-C5AD-4E3E-9B15-1C7BC1AC4A8D}.Release|Any CPU.Build.0 = Release|Any CPU
		{91474597-9B69-46EC-9AA7-06314AED65B0}.Debug|Any CPU.ActiveCfg = Debug|Any CPU
		{91474597-9B69-46EC-9AA7-06314AED65B0}.Debug|Any CPU.Build.0 = Debug|Any CPU
		{91474597-9B69-46EC-9AA7-06314AED65B0}.Release|Any CPU.ActiveCfg = Release|Any CPU
		{91474597-9B69-46EC-9AA7-06314AED65B0}.Release|Any CPU.Build.0 = Release|Any CPU
		{337D83FC-DA82-4DA4-9726-F92B4BC75D0B}.Debug|Any CPU.ActiveCfg = Debug|Any CPU
		{337D83FC-DA82-4DA4-9726-F92B4BC75D0B}.Debug|Any CPU.Build.0 = Debug|Any CPU
		{337D83FC-DA82-4DA4-9726-F92B4BC75D0B}.Release|Any CPU.ActiveCfg = Release|Any CPU
		{337D83FC-DA82-4DA4-9726-F92B4BC75D0B}.Release|Any CPU.Build.0 = Release|Any CPU
		{7B8D10EF-99EA-4CCD-8873-AE649C27062B}.Debug|Any CPU.ActiveCfg = Debug|Any CPU
		{7B8D10EF-99EA-4CCD-8873-AE649C27062B}.Debug|Any CPU.Build.0 = Debug|Any CPU
		{7B8D10EF-99EA-4CCD-8873-AE649C27062B}.Release|Any CPU.ActiveCfg = Release|Any CPU
		{7B8D10EF-99EA-4CCD-8873-AE649C27062B}.Release|Any CPU.Build.0 = Release|Any CPU
		{203F1E65-E0E4-4F7B-BF4D-2E725C32FBE5}.Debug|Any CPU.ActiveCfg = Debug|Any CPU
		{203F1E65-E0E4-4F7B-BF4D-2E725C32FBE5}.Debug|Any CPU.Build.0 = Debug|Any CPU
		{203F1E65-E0E4-4F7B-BF4D-2E725C32FBE5}.Release|Any CPU.ActiveCfg = Release|Any CPU
		{203F1E65-E0E4-4F7B-BF4D-2E725C32FBE5}.Release|Any CPU.Build.0 = Release|Any CPU
		{83EF4C82-735C-489F-B9E7-5830919B08EB}.Debug|Any CPU.ActiveCfg = Debug|Any CPU
		{83EF4C82-735C-489F-B9E7-5830919B08EB}.Debug|Any CPU.Build.0 = Debug|Any CPU
		{83EF4C82-735C-489F-B9E7-5830919B08EB}.Release|Any CPU.ActiveCfg = Release|Any CPU
		{83EF4C82-735C-489F-B9E7-5830919B08EB}.Release|Any CPU.Build.0 = Release|Any CPU
		{CC868449-0CD2-4870-93A1-AFFEC9ED5CAF}.Debug|Any CPU.ActiveCfg = Debug|Any CPU
		{CC868449-0CD2-4870-93A1-AFFEC9ED5CAF}.Debug|Any CPU.Build.0 = Debug|Any CPU
		{CC868449-0CD2-4870-93A1-AFFEC9ED5CAF}.Release|Any CPU.ActiveCfg = Release|Any CPU
		{CC868449-0CD2-4870-93A1-AFFEC9ED5CAF}.Release|Any CPU.Build.0 = Release|Any CPU
		{6F164FC3-3090-4129-82E2-AEDFDC391D5D}.Debug|Any CPU.ActiveCfg = Debug|Any CPU
		{6F164FC3-3090-4129-82E2-AEDFDC391D5D}.Debug|Any CPU.Build.0 = Debug|Any CPU
		{6F164FC3-3090-4129-82E2-AEDFDC391D5D}.Release|Any CPU.ActiveCfg = Release|Any CPU
		{6F164FC3-3090-4129-82E2-AEDFDC391D5D}.Release|Any CPU.Build.0 = Release|Any CPU
		{C939CAA9-7586-4371-87DA-9311707F0D13}.Debug|Any CPU.ActiveCfg = Debug|Any CPU
		{C939CAA9-7586-4371-87DA-9311707F0D13}.Debug|Any CPU.Build.0 = Debug|Any CPU
		{C939CAA9-7586-4371-87DA-9311707F0D13}.Release|Any CPU.ActiveCfg = Release|Any CPU
		{C939CAA9-7586-4371-87DA-9311707F0D13}.Release|Any CPU.Build.0 = Release|Any CPU
		{745BB761-73F2-4009-BAF7-84CA733DF5FE}.Debug|Any CPU.ActiveCfg = Debug|Any CPU
		{745BB761-73F2-4009-BAF7-84CA733DF5FE}.Debug|Any CPU.Build.0 = Debug|Any CPU
		{745BB761-73F2-4009-BAF7-84CA733DF5FE}.Release|Any CPU.ActiveCfg = Release|Any CPU
		{745BB761-73F2-4009-BAF7-84CA733DF5FE}.Release|Any CPU.Build.0 = Release|Any CPU
		{D180784D-B25D-4BEA-B87E-E4443CB6DB8F}.Debug|Any CPU.ActiveCfg = Debug|Any CPU
		{D180784D-B25D-4BEA-B87E-E4443CB6DB8F}.Debug|Any CPU.Build.0 = Debug|Any CPU
		{D180784D-B25D-4BEA-B87E-E4443CB6DB8F}.Release|Any CPU.ActiveCfg = Release|Any CPU
		{D180784D-B25D-4BEA-B87E-E4443CB6DB8F}.Release|Any CPU.Build.0 = Release|Any CPU
		{0655D176-9A2D-421D-898A-9F21BD281B52}.Debug|Any CPU.ActiveCfg = Debug|Any CPU
		{0655D176-9A2D-421D-898A-9F21BD281B52}.Debug|Any CPU.Build.0 = Debug|Any CPU
		{0655D176-9A2D-421D-898A-9F21BD281B52}.Release|Any CPU.ActiveCfg = Release|Any CPU
		{0655D176-9A2D-421D-898A-9F21BD281B52}.Release|Any CPU.Build.0 = Release|Any CPU
		{77111C4A-A7D5-40EC-830D-610B0988D42D}.Debug|Any CPU.ActiveCfg = Debug|Any CPU
		{77111C4A-A7D5-40EC-830D-610B0988D42D}.Debug|Any CPU.Build.0 = Debug|Any CPU
		{77111C4A-A7D5-40EC-830D-610B0988D42D}.Release|Any CPU.ActiveCfg = Release|Any CPU
		{77111C4A-A7D5-40EC-830D-610B0988D42D}.Release|Any CPU.Build.0 = Release|Any CPU
		{1475A3AC-C0A3-4D25-95BE-F65F2E0DAFAB}.Debug|Any CPU.ActiveCfg = Debug|Any CPU
		{1475A3AC-C0A3-4D25-95BE-F65F2E0DAFAB}.Debug|Any CPU.Build.0 = Debug|Any CPU
		{1475A3AC-C0A3-4D25-95BE-F65F2E0DAFAB}.Release|Any CPU.ActiveCfg = Release|Any CPU
		{1475A3AC-C0A3-4D25-95BE-F65F2E0DAFAB}.Release|Any CPU.Build.0 = Release|Any CPU
		{63FC1313-7B5A-4754-BBA3-979821F41239}.Debug|Any CPU.ActiveCfg = Debug|Any CPU
		{63FC1313-7B5A-4754-BBA3-979821F41239}.Debug|Any CPU.Build.0 = Debug|Any CPU
		{63FC1313-7B5A-4754-BBA3-979821F41239}.Release|Any CPU.ActiveCfg = Release|Any CPU
		{63FC1313-7B5A-4754-BBA3-979821F41239}.Release|Any CPU.Build.0 = Release|Any CPU
		{89BADCAC-C366-42D0-A630-97A6AD825521}.Debug|Any CPU.ActiveCfg = Debug|Any CPU
		{89BADCAC-C366-42D0-A630-97A6AD825521}.Debug|Any CPU.Build.0 = Debug|Any CPU
		{89BADCAC-C366-42D0-A630-97A6AD825521}.Release|Any CPU.ActiveCfg = Release|Any CPU
		{89BADCAC-C366-42D0-A630-97A6AD825521}.Release|Any CPU.Build.0 = Release|Any CPU
		{436031F9-C083-4F9B-8DFC-D6D4D1EFF1AF}.Debug|Any CPU.ActiveCfg = Debug|Any CPU
		{436031F9-C083-4F9B-8DFC-D6D4D1EFF1AF}.Debug|Any CPU.Build.0 = Debug|Any CPU
		{436031F9-C083-4F9B-8DFC-D6D4D1EFF1AF}.Release|Any CPU.ActiveCfg = Release|Any CPU
		{436031F9-C083-4F9B-8DFC-D6D4D1EFF1AF}.Release|Any CPU.Build.0 = Release|Any CPU
		{39C0594E-389A-4091-B773-2F72C725E61E}.Debug|Any CPU.ActiveCfg = Debug|Any CPU
		{39C0594E-389A-4091-B773-2F72C725E61E}.Debug|Any CPU.Build.0 = Debug|Any CPU
		{39C0594E-389A-4091-B773-2F72C725E61E}.Release|Any CPU.ActiveCfg = Release|Any CPU
		{39C0594E-389A-4091-B773-2F72C725E61E}.Release|Any CPU.Build.0 = Release|Any CPU
		{8E3F5D03-22E5-4DD5-8734-FD9EECA32A88}.Debug|Any CPU.ActiveCfg = Debug|Any CPU
		{8E3F5D03-22E5-4DD5-8734-FD9EECA32A88}.Debug|Any CPU.Build.0 = Debug|Any CPU
		{8E3F5D03-22E5-4DD5-8734-FD9EECA32A88}.Release|Any CPU.ActiveCfg = Release|Any CPU
		{8E3F5D03-22E5-4DD5-8734-FD9EECA32A88}.Release|Any CPU.Build.0 = Release|Any CPU
		{B7E39819-D27C-4FA4-92C7-27B12D9347CB}.Debug|Any CPU.ActiveCfg = Debug|Any CPU
		{B7E39819-D27C-4FA4-92C7-27B12D9347CB}.Debug|Any CPU.Build.0 = Debug|Any CPU
		{B7E39819-D27C-4FA4-92C7-27B12D9347CB}.Release|Any CPU.ActiveCfg = Release|Any CPU
		{B7E39819-D27C-4FA4-92C7-27B12D9347CB}.Release|Any CPU.Build.0 = Release|Any CPU
		{B795064B-DC48-48CC-B28F-33E9A1A68EA4}.Debug|Any CPU.ActiveCfg = Debug|Any CPU
		{B795064B-DC48-48CC-B28F-33E9A1A68EA4}.Debug|Any CPU.Build.0 = Debug|Any CPU
		{B795064B-DC48-48CC-B28F-33E9A1A68EA4}.Release|Any CPU.ActiveCfg = Release|Any CPU
		{B795064B-DC48-48CC-B28F-33E9A1A68EA4}.Release|Any CPU.Build.0 = Release|Any CPU
		{C4539758-19DC-44B4-BBAF-7B9D7107840F}.Debug|Any CPU.ActiveCfg = Debug|Any CPU
		{C4539758-19DC-44B4-BBAF-7B9D7107840F}.Debug|Any CPU.Build.0 = Debug|Any CPU
		{C4539758-19DC-44B4-BBAF-7B9D7107840F}.Release|Any CPU.ActiveCfg = Release|Any CPU
		{C4539758-19DC-44B4-BBAF-7B9D7107840F}.Release|Any CPU.Build.0 = Release|Any CPU
		{6F0FEF5A-19E9-4E19-9687-5BD231F4C249}.Debug|Any CPU.ActiveCfg = Debug|Any CPU
		{6F0FEF5A-19E9-4E19-9687-5BD231F4C249}.Debug|Any CPU.Build.0 = Debug|Any CPU
		{6F0FEF5A-19E9-4E19-9687-5BD231F4C249}.Release|Any CPU.ActiveCfg = Release|Any CPU
		{6F0FEF5A-19E9-4E19-9687-5BD231F4C249}.Release|Any CPU.Build.0 = Release|Any CPU
		{3D40F66E-D8BA-4CB5-96D0-44E223DB5AEE}.Debug|Any CPU.ActiveCfg = Debug|Any CPU
		{3D40F66E-D8BA-4CB5-96D0-44E223DB5AEE}.Debug|Any CPU.Build.0 = Debug|Any CPU
		{3D40F66E-D8BA-4CB5-96D0-44E223DB5AEE}.Release|Any CPU.ActiveCfg = Release|Any CPU
		{3D40F66E-D8BA-4CB5-96D0-44E223DB5AEE}.Release|Any CPU.Build.0 = Release|Any CPU
		{3F9510F0-8599-4EFE-AF5A-5A32D0C5DB46}.Debug|Any CPU.ActiveCfg = Debug|Any CPU
		{3F9510F0-8599-4EFE-AF5A-5A32D0C5DB46}.Debug|Any CPU.Build.0 = Debug|Any CPU
		{3F9510F0-8599-4EFE-AF5A-5A32D0C5DB46}.Release|Any CPU.ActiveCfg = Release|Any CPU
		{3F9510F0-8599-4EFE-AF5A-5A32D0C5DB46}.Release|Any CPU.Build.0 = Release|Any CPU
		{5F1BD829-8286-4C50-AF2C-10DC5F1CB8A0}.Debug|Any CPU.ActiveCfg = Debug|Any CPU
		{5F1BD829-8286-4C50-AF2C-10DC5F1CB8A0}.Debug|Any CPU.Build.0 = Debug|Any CPU
		{5F1BD829-8286-4C50-AF2C-10DC5F1CB8A0}.Release|Any CPU.ActiveCfg = Release|Any CPU
		{5F1BD829-8286-4C50-AF2C-10DC5F1CB8A0}.Release|Any CPU.Build.0 = Release|Any CPU
		{3169086D-7323-49F8-819D-2D1F8EDB4FC7}.Debug|Any CPU.ActiveCfg = Debug|Any CPU
		{3169086D-7323-49F8-819D-2D1F8EDB4FC7}.Debug|Any CPU.Build.0 = Debug|Any CPU
		{3169086D-7323-49F8-819D-2D1F8EDB4FC7}.Release|Any CPU.ActiveCfg = Release|Any CPU
		{3169086D-7323-49F8-819D-2D1F8EDB4FC7}.Release|Any CPU.Build.0 = Release|Any CPU
		{E161FCB0-F188-4389-B738-7FD3EA043706}.Debug|Any CPU.ActiveCfg = Debug|Any CPU
		{E161FCB0-F188-4389-B738-7FD3EA043706}.Debug|Any CPU.Build.0 = Debug|Any CPU
		{E161FCB0-F188-4389-B738-7FD3EA043706}.Release|Any CPU.ActiveCfg = Release|Any CPU
		{E161FCB0-F188-4389-B738-7FD3EA043706}.Release|Any CPU.Build.0 = Release|Any CPU
		{0E154AF1-4C74-42B2-8858-F620DADC8357}.Debug|Any CPU.ActiveCfg = Debug|Any CPU
		{0E154AF1-4C74-42B2-8858-F620DADC8357}.Debug|Any CPU.Build.0 = Debug|Any CPU
		{0E154AF1-4C74-42B2-8858-F620DADC8357}.Release|Any CPU.ActiveCfg = Release|Any CPU
		{0E154AF1-4C74-42B2-8858-F620DADC8357}.Release|Any CPU.Build.0 = Release|Any CPU
		{B14C55DE-0260-40DE-8151-44F1DAD960A8}.Debug|Any CPU.ActiveCfg = Debug|Any CPU
		{B14C55DE-0260-40DE-8151-44F1DAD960A8}.Debug|Any CPU.Build.0 = Debug|Any CPU
		{B14C55DE-0260-40DE-8151-44F1DAD960A8}.Release|Any CPU.ActiveCfg = Release|Any CPU
		{B14C55DE-0260-40DE-8151-44F1DAD960A8}.Release|Any CPU.Build.0 = Release|Any CPU
		{FC1635F1-C897-4471-9035-86C64CC1778D}.Debug|Any CPU.ActiveCfg = Debug|Any CPU
		{FC1635F1-C897-4471-9035-86C64CC1778D}.Debug|Any CPU.Build.0 = Debug|Any CPU
		{FC1635F1-C897-4471-9035-86C64CC1778D}.Release|Any CPU.ActiveCfg = Release|Any CPU
		{FC1635F1-C897-4471-9035-86C64CC1778D}.Release|Any CPU.Build.0 = Release|Any CPU
		{A3C926A4-42F3-4AB7-A6B6-E3ADD5C431C5}.Debug|Any CPU.ActiveCfg = Debug|Any CPU
		{A3C926A4-42F3-4AB7-A6B6-E3ADD5C431C5}.Debug|Any CPU.Build.0 = Debug|Any CPU
		{A3C926A4-42F3-4AB7-A6B6-E3ADD5C431C5}.Release|Any CPU.ActiveCfg = Release|Any CPU
		{A3C926A4-42F3-4AB7-A6B6-E3ADD5C431C5}.Release|Any CPU.Build.0 = Release|Any CPU
		{55FD9277-99D0-4058-BF55-AA1B5C723626}.Debug|Any CPU.ActiveCfg = Debug|Any CPU
		{55FD9277-99D0-4058-BF55-AA1B5C723626}.Debug|Any CPU.Build.0 = Debug|Any CPU
		{55FD9277-99D0-4058-BF55-AA1B5C723626}.Release|Any CPU.ActiveCfg = Release|Any CPU
		{55FD9277-99D0-4058-BF55-AA1B5C723626}.Release|Any CPU.Build.0 = Release|Any CPU
		{6442F24E-B1F5-4476-99D1-E7A2F2E1266C}.Debug|Any CPU.ActiveCfg = Debug|Any CPU
		{6442F24E-B1F5-4476-99D1-E7A2F2E1266C}.Debug|Any CPU.Build.0 = Debug|Any CPU
		{6442F24E-B1F5-4476-99D1-E7A2F2E1266C}.Release|Any CPU.ActiveCfg = Release|Any CPU
		{6442F24E-B1F5-4476-99D1-E7A2F2E1266C}.Release|Any CPU.Build.0 = Release|Any CPU
		{25F5D387-96B1-4748-BB89-B04A2DDA11B2}.Debug|Any CPU.ActiveCfg = Debug|Any CPU
		{25F5D387-96B1-4748-BB89-B04A2DDA11B2}.Debug|Any CPU.Build.0 = Debug|Any CPU
		{25F5D387-96B1-4748-BB89-B04A2DDA11B2}.Release|Any CPU.ActiveCfg = Release|Any CPU
		{25F5D387-96B1-4748-BB89-B04A2DDA11B2}.Release|Any CPU.Build.0 = Release|Any CPU
		{A55693F9-C9EC-4C1D-85D8-79126F238A97}.Debug|Any CPU.ActiveCfg = Debug|Any CPU
		{A55693F9-C9EC-4C1D-85D8-79126F238A97}.Debug|Any CPU.Build.0 = Debug|Any CPU
		{A55693F9-C9EC-4C1D-85D8-79126F238A97}.Release|Any CPU.ActiveCfg = Release|Any CPU
		{A55693F9-C9EC-4C1D-85D8-79126F238A97}.Release|Any CPU.Build.0 = Release|Any CPU
		{D91C258C-67D0-402F-8BF5-501A5453F125}.Debug|Any CPU.ActiveCfg = Debug|Any CPU
		{D91C258C-67D0-402F-8BF5-501A5453F125}.Debug|Any CPU.Build.0 = Debug|Any CPU
		{D91C258C-67D0-402F-8BF5-501A5453F125}.Release|Any CPU.ActiveCfg = Release|Any CPU
		{D91C258C-67D0-402F-8BF5-501A5453F125}.Release|Any CPU.Build.0 = Release|Any CPU
		{38DEC614-A0AF-4418-AD9B-2552F5BC21CF}.Debug|Any CPU.ActiveCfg = Debug|Any CPU
		{38DEC614-A0AF-4418-AD9B-2552F5BC21CF}.Debug|Any CPU.Build.0 = Debug|Any CPU
		{38DEC614-A0AF-4418-AD9B-2552F5BC21CF}.Release|Any CPU.ActiveCfg = Release|Any CPU
		{38DEC614-A0AF-4418-AD9B-2552F5BC21CF}.Release|Any CPU.Build.0 = Release|Any CPU
		{C2AF222A-C6E4-44F6-8BBE-E074704EE8C3}.Debug|Any CPU.ActiveCfg = Debug|Any CPU
		{C2AF222A-C6E4-44F6-8BBE-E074704EE8C3}.Debug|Any CPU.Build.0 = Debug|Any CPU
		{C2AF222A-C6E4-44F6-8BBE-E074704EE8C3}.Release|Any CPU.ActiveCfg = Release|Any CPU
		{C2AF222A-C6E4-44F6-8BBE-E074704EE8C3}.Release|Any CPU.Build.0 = Release|Any CPU
		{EADA30A3-348B-46BD-835F-EAB2799D1747}.Debug|Any CPU.ActiveCfg = Debug|Any CPU
		{EADA30A3-348B-46BD-835F-EAB2799D1747}.Debug|Any CPU.Build.0 = Debug|Any CPU
		{EADA30A3-348B-46BD-835F-EAB2799D1747}.Release|Any CPU.ActiveCfg = Release|Any CPU
		{EADA30A3-348B-46BD-835F-EAB2799D1747}.Release|Any CPU.Build.0 = Release|Any CPU
		{BCF33808-93E8-4DCD-9697-B89DECB6E0B3}.Debug|Any CPU.ActiveCfg = Debug|Any CPU
		{BCF33808-93E8-4DCD-9697-B89DECB6E0B3}.Debug|Any CPU.Build.0 = Debug|Any CPU
		{BCF33808-93E8-4DCD-9697-B89DECB6E0B3}.Release|Any CPU.ActiveCfg = Release|Any CPU
		{BCF33808-93E8-4DCD-9697-B89DECB6E0B3}.Release|Any CPU.Build.0 = Release|Any CPU
		{A6E6A669-B34A-4038-96FA-2D3011B0AC7B}.Debug|Any CPU.ActiveCfg = Debug|Any CPU
		{A6E6A669-B34A-4038-96FA-2D3011B0AC7B}.Debug|Any CPU.Build.0 = Debug|Any CPU
		{A6E6A669-B34A-4038-96FA-2D3011B0AC7B}.Release|Any CPU.ActiveCfg = Release|Any CPU
		{A6E6A669-B34A-4038-96FA-2D3011B0AC7B}.Release|Any CPU.Build.0 = Release|Any CPU
		{5DAE13A5-3CD4-4C7D-8A8E-4DC49CEA766B}.Debug|Any CPU.ActiveCfg = Debug|Any CPU
		{5DAE13A5-3CD4-4C7D-8A8E-4DC49CEA766B}.Debug|Any CPU.Build.0 = Debug|Any CPU
		{5DAE13A5-3CD4-4C7D-8A8E-4DC49CEA766B}.Release|Any CPU.ActiveCfg = Release|Any CPU
		{5DAE13A5-3CD4-4C7D-8A8E-4DC49CEA766B}.Release|Any CPU.Build.0 = Release|Any CPU
		{2A5395D9-B16E-490B-AE00-C79D01250956}.Debug|Any CPU.ActiveCfg = Debug|Any CPU
		{2A5395D9-B16E-490B-AE00-C79D01250956}.Debug|Any CPU.Build.0 = Debug|Any CPU
		{2A5395D9-B16E-490B-AE00-C79D01250956}.Release|Any CPU.ActiveCfg = Release|Any CPU
		{2A5395D9-B16E-490B-AE00-C79D01250956}.Release|Any CPU.Build.0 = Release|Any CPU
		{D6ED944E-F800-4F30-AE54-FFD6D1D3FECB}.Debug|Any CPU.ActiveCfg = Debug|Any CPU
		{D6ED944E-F800-4F30-AE54-FFD6D1D3FECB}.Debug|Any CPU.Build.0 = Debug|Any CPU
		{D6ED944E-F800-4F30-AE54-FFD6D1D3FECB}.Release|Any CPU.ActiveCfg = Release|Any CPU
		{D6ED944E-F800-4F30-AE54-FFD6D1D3FECB}.Release|Any CPU.Build.0 = Release|Any CPU
		{1E6382E6-A81E-49ED-AA18-263E16C2AC04}.Debug|Any CPU.ActiveCfg = Debug|Any CPU
		{1E6382E6-A81E-49ED-AA18-263E16C2AC04}.Debug|Any CPU.Build.0 = Debug|Any CPU
		{1E6382E6-A81E-49ED-AA18-263E16C2AC04}.Release|Any CPU.ActiveCfg = Release|Any CPU
		{1E6382E6-A81E-49ED-AA18-263E16C2AC04}.Release|Any CPU.Build.0 = Release|Any CPU
		{F25C6615-E68A-4330-BB93-C55978CB9914}.Debug|Any CPU.ActiveCfg = Debug|Any CPU
		{F25C6615-E68A-4330-BB93-C55978CB9914}.Debug|Any CPU.Build.0 = Debug|Any CPU
		{F25C6615-E68A-4330-BB93-C55978CB9914}.Release|Any CPU.ActiveCfg = Release|Any CPU
		{F25C6615-E68A-4330-BB93-C55978CB9914}.Release|Any CPU.Build.0 = Release|Any CPU
		{809D2C65-DAB9-4AA7-9FED-FBE777D27CD2}.Debug|Any CPU.ActiveCfg = Debug|Any CPU
		{809D2C65-DAB9-4AA7-9FED-FBE777D27CD2}.Debug|Any CPU.Build.0 = Debug|Any CPU
		{809D2C65-DAB9-4AA7-9FED-FBE777D27CD2}.Release|Any CPU.ActiveCfg = Release|Any CPU
		{809D2C65-DAB9-4AA7-9FED-FBE777D27CD2}.Release|Any CPU.Build.0 = Release|Any CPU
		{62724355-D124-4670-BA24-9B5FA3F8BA69}.Debug|Any CPU.ActiveCfg = Debug|Any CPU
		{62724355-D124-4670-BA24-9B5FA3F8BA69}.Debug|Any CPU.Build.0 = Debug|Any CPU
		{62724355-D124-4670-BA24-9B5FA3F8BA69}.Release|Any CPU.ActiveCfg = Release|Any CPU
		{62724355-D124-4670-BA24-9B5FA3F8BA69}.Release|Any CPU.Build.0 = Release|Any CPU
		{1C421202-A3CA-4021-B3B3-69800B6E942B}.Debug|Any CPU.ActiveCfg = Debug|Any CPU
		{1C421202-A3CA-4021-B3B3-69800B6E942B}.Debug|Any CPU.Build.0 = Debug|Any CPU
		{1C421202-A3CA-4021-B3B3-69800B6E942B}.Release|Any CPU.ActiveCfg = Release|Any CPU
		{1C421202-A3CA-4021-B3B3-69800B6E942B}.Release|Any CPU.Build.0 = Release|Any CPU
		{2FB96E2E-6AB0-4409-8068-4F9A1002866D}.Debug|Any CPU.ActiveCfg = Debug|Any CPU
		{2FB96E2E-6AB0-4409-8068-4F9A1002866D}.Debug|Any CPU.Build.0 = Debug|Any CPU
		{2FB96E2E-6AB0-4409-8068-4F9A1002866D}.Release|Any CPU.ActiveCfg = Release|Any CPU
		{2FB96E2E-6AB0-4409-8068-4F9A1002866D}.Release|Any CPU.Build.0 = Release|Any CPU
		{D8DB8E95-2761-4692-A3D7-DB4007D14CC5}.Debug|Any CPU.ActiveCfg = Debug|Any CPU
		{D8DB8E95-2761-4692-A3D7-DB4007D14CC5}.Debug|Any CPU.Build.0 = Debug|Any CPU
		{D8DB8E95-2761-4692-A3D7-DB4007D14CC5}.Release|Any CPU.ActiveCfg = Release|Any CPU
		{D8DB8E95-2761-4692-A3D7-DB4007D14CC5}.Release|Any CPU.Build.0 = Release|Any CPU
		{6E57B646-688C-4183-9843-2834E789679D}.Debug|Any CPU.ActiveCfg = Debug|Any CPU
		{6E57B646-688C-4183-9843-2834E789679D}.Debug|Any CPU.Build.0 = Debug|Any CPU
		{6E57B646-688C-4183-9843-2834E789679D}.Release|Any CPU.ActiveCfg = Release|Any CPU
		{6E57B646-688C-4183-9843-2834E789679D}.Release|Any CPU.Build.0 = Release|Any CPU
	EndGlobalSection
	GlobalSection(NestedProjects) = preSolution
		{A89BCF69-577D-41E9-884F-71CD9399AB57} = {A70633DE-B343-4A77-A5DC-63CFCD6CAF7D}
		{12FB7F7A-FD15-4BA9-843E-7F1C0DEDF14F} = {A70633DE-B343-4A77-A5DC-63CFCD6CAF7D}
		{56DD20F4-BF16-4B98-95E1-03EFD38A2AB1} = {A70633DE-B343-4A77-A5DC-63CFCD6CAF7D}
		{FB0584DC-1971-4CFA-871A-35342EB97DB5} = {A70633DE-B343-4A77-A5DC-63CFCD6CAF7D}
		{9AB0FDEC-B40D-4D70-B5BD-CA1FD4015958} = {39BFB002-5713-40C9-B9FE-C9263C9F4540}
		{99624C9B-D58E-4625-8973-A37C9011A7D5} = {39BFB002-5713-40C9-B9FE-C9263C9F4540}
		{D64475FE-F9EB-460F-BEFC-64D2BDB9AD86} = {39BFB002-5713-40C9-B9FE-C9263C9F4540}
		{0C50FB30-D028-48B7-BF22-839D9B699218} = {39BFB002-5713-40C9-B9FE-C9263C9F4540}
		{ED56F2C2-A729-4791-9C91-3737E887D116} = {F863D20B-FAAB-4818-8F9F-602DF4700D7C}
		{271CF1B9-2D5A-455E-9326-D1D7F8095FA8} = {F863D20B-FAAB-4818-8F9F-602DF4700D7C}
		{AF1E572A-BF03-472C-B25B-DE8980004D65} = {F863D20B-FAAB-4818-8F9F-602DF4700D7C}
		{905AF69B-B698-4151-B88B-15E2CB2C4180} = {1CC931B7-8D1D-49D7-837E-BBAD21FB8994}
		{3C73B6A2-93AB-4D88-BA2C-E0DF2E1D706B} = {1CC931B7-8D1D-49D7-837E-BBAD21FB8994}
		{BFF515EF-A947-40F8-9B3C-F07840C64F24} = {1CC931B7-8D1D-49D7-837E-BBAD21FB8994}
		{BD10D8F5-C5AD-4E3E-9B15-1C7BC1AC4A8D} = {1CC931B7-8D1D-49D7-837E-BBAD21FB8994}
		{91474597-9B69-46EC-9AA7-06314AED65B0} = {1CC931B7-8D1D-49D7-837E-BBAD21FB8994}
		{337D83FC-DA82-4DA4-9726-F92B4BC75D0B} = {1CC931B7-8D1D-49D7-837E-BBAD21FB8994}
		{7B8D10EF-99EA-4CCD-8873-AE649C27062B} = {1CC931B7-8D1D-49D7-837E-BBAD21FB8994}
		{203F1E65-E0E4-4F7B-BF4D-2E725C32FBE5} = {1CC931B7-8D1D-49D7-837E-BBAD21FB8994}
		{83EF4C82-735C-489F-B9E7-5830919B08EB} = {1CC931B7-8D1D-49D7-837E-BBAD21FB8994}
		{CC868449-0CD2-4870-93A1-AFFEC9ED5CAF} = {1CC931B7-8D1D-49D7-837E-BBAD21FB8994}
		{6F164FC3-3090-4129-82E2-AEDFDC391D5D} = {FCB7363F-2530-4525-9E11-C0B30785D82B}
		{C939CAA9-7586-4371-87DA-9311707F0D13} = {FCB7363F-2530-4525-9E11-C0B30785D82B}
		{745BB761-73F2-4009-BAF7-84CA733DF5FE} = {FCB7363F-2530-4525-9E11-C0B30785D82B}
		{D180784D-B25D-4BEA-B87E-E4443CB6DB8F} = {FCB7363F-2530-4525-9E11-C0B30785D82B}
		{0655D176-9A2D-421D-898A-9F21BD281B52} = {FCB7363F-2530-4525-9E11-C0B30785D82B}
		{77111C4A-A7D5-40EC-830D-610B0988D42D} = {FCB7363F-2530-4525-9E11-C0B30785D82B}
		{1475A3AC-C0A3-4D25-95BE-F65F2E0DAFAB} = {FCB7363F-2530-4525-9E11-C0B30785D82B}
		{63FC1313-7B5A-4754-BBA3-979821F41239} = {FCB7363F-2530-4525-9E11-C0B30785D82B}
		{89BADCAC-C366-42D0-A630-97A6AD825521} = {FCB7363F-2530-4525-9E11-C0B30785D82B}
		{436031F9-C083-4F9B-8DFC-D6D4D1EFF1AF} = {3E137305-41B8-46C9-9D9F-F945E1F0E8EC}
		{39C0594E-389A-4091-B773-2F72C725E61E} = {3E137305-41B8-46C9-9D9F-F945E1F0E8EC}
		{8E3F5D03-22E5-4DD5-8734-FD9EECA32A88} = {3E137305-41B8-46C9-9D9F-F945E1F0E8EC}
		{B7E39819-D27C-4FA4-92C7-27B12D9347CB} = {8BB60F14-25EE-4C54-9F88-06B2B339157E}
		{B795064B-DC48-48CC-B28F-33E9A1A68EA4} = {3CE341C1-30D3-423A-A1D3-BE5597464766}
		{C4539758-19DC-44B4-BBAF-7B9D7107840F} = {3CE341C1-30D3-423A-A1D3-BE5597464766}
		{6F0FEF5A-19E9-4E19-9687-5BD231F4C249} = {3CE341C1-30D3-423A-A1D3-BE5597464766}
		{3D40F66E-D8BA-4CB5-96D0-44E223DB5AEE} = {3CE341C1-30D3-423A-A1D3-BE5597464766}
		{3F9510F0-8599-4EFE-AF5A-5A32D0C5DB46} = {3CE341C1-30D3-423A-A1D3-BE5597464766}
		{5F1BD829-8286-4C50-AF2C-10DC5F1CB8A0} = {3CE341C1-30D3-423A-A1D3-BE5597464766}
		{3169086D-7323-49F8-819D-2D1F8EDB4FC7} = {3CE341C1-30D3-423A-A1D3-BE5597464766}
		{E161FCB0-F188-4389-B738-7FD3EA043706} = {3CE341C1-30D3-423A-A1D3-BE5597464766}
		{0E154AF1-4C74-42B2-8858-F620DADC8357} = {3CE341C1-30D3-423A-A1D3-BE5597464766}
		{B14C55DE-0260-40DE-8151-44F1DAD960A8} = {DB839850-92BF-477F-99DB-6025935FB457}
		{FC1635F1-C897-4471-9035-86C64CC1778D} = {DB839850-92BF-477F-99DB-6025935FB457}
		{A3C926A4-42F3-4AB7-A6B6-E3ADD5C431C5} = {DB839850-92BF-477F-99DB-6025935FB457}
		{55FD9277-99D0-4058-BF55-AA1B5C723626} = {DB839850-92BF-477F-99DB-6025935FB457}
		{6442F24E-B1F5-4476-99D1-E7A2F2E1266C} = {DB839850-92BF-477F-99DB-6025935FB457}
		{25F5D387-96B1-4748-BB89-B04A2DDA11B2} = {DB839850-92BF-477F-99DB-6025935FB457}
		{A55693F9-C9EC-4C1D-85D8-79126F238A97} = {DB839850-92BF-477F-99DB-6025935FB457}
		{D91C258C-67D0-402F-8BF5-501A5453F125} = {DB839850-92BF-477F-99DB-6025935FB457}
		{38DEC614-A0AF-4418-AD9B-2552F5BC21CF} = {2865D4A8-D140-4E8C-BC16-156AEEC6CB71}
		{C2AF222A-C6E4-44F6-8BBE-E074704EE8C3} = {2865D4A8-D140-4E8C-BC16-156AEEC6CB71}
		{EADA30A3-348B-46BD-835F-EAB2799D1747} = {2865D4A8-D140-4E8C-BC16-156AEEC6CB71}
		{BCF33808-93E8-4DCD-9697-B89DECB6E0B3} = {2865D4A8-D140-4E8C-BC16-156AEEC6CB71}
		{A6E6A669-B34A-4038-96FA-2D3011B0AC7B} = {2865D4A8-D140-4E8C-BC16-156AEEC6CB71}
		{5DAE13A5-3CD4-4C7D-8A8E-4DC49CEA766B} = {2865D4A8-D140-4E8C-BC16-156AEEC6CB71}
		{2A5395D9-B16E-490B-AE00-C79D01250956} = {2865D4A8-D140-4E8C-BC16-156AEEC6CB71}
		{D6ED944E-F800-4F30-AE54-FFD6D1D3FECB} = {2865D4A8-D140-4E8C-BC16-156AEEC6CB71}
		{1E6382E6-A81E-49ED-AA18-263E16C2AC04} = {2865D4A8-D140-4E8C-BC16-156AEEC6CB71}
		{F25C6615-E68A-4330-BB93-C55978CB9914} = {8C7F30AE-C954-4869-973E-251BDB1F8D04}
		{809D2C65-DAB9-4AA7-9FED-FBE777D27CD2} = {8C7F30AE-C954-4869-973E-251BDB1F8D04}
		{62724355-D124-4670-BA24-9B5FA3F8BA69} = {8C7F30AE-C954-4869-973E-251BDB1F8D04}
		{1C421202-A3CA-4021-B3B3-69800B6E942B} = {8C7F30AE-C954-4869-973E-251BDB1F8D04}
		{2FB96E2E-6AB0-4409-8068-4F9A1002866D} = {8C7F30AE-C954-4869-973E-251BDB1F8D04}
		{D8DB8E95-2761-4692-A3D7-DB4007D14CC5} = {8CA922C1-2B66-4925-BC9A-902DABB17E41}
		{6E57B646-688C-4183-9843-2834E789679D} = {8CA922C1-2B66-4925-BC9A-902DABB17E41}
	EndGlobalSection
EndGlobal
