
Microsoft Visual Studio Solution File, Format Version 12.00
# Visual Studio 11
Project("{2150E333-8FDC-42A3-9474-1A3956D46DE8}") = "1.0", "1.0", "{F8479A0D-228B-42EE-9120-F8E1587CF0DD}"
EndProject
Project("{FAE04EC0-301F-11D3-BF4B-00C04F79EFBC}") = "Delegates", "1.0\Delegates\Delegates.csproj", "{1FE7CB22-3E13-436B-AAEB-6F56B91C090C}"
EndProject
Project("{FAE04EC0-301F-11D3-BF4B-00C04F79EFBC}") = "ExceptionHandling", "1.0\ExceptionHandling\ExceptionHandling.csproj", "{734973E3-8265-42CE-BBC1-C165D9F2C851}"
EndProject
Project("{FAE04EC0-301F-11D3-BF4B-00C04F79EFBC}") = "Using", "1.0\Using\Using.csproj", "{471C749E-A808-473B-B363-DBDB777155E1}"
EndProject
Project("{FAE04EC0-301F-11D3-BF4B-00C04F79EFBC}") = "InterfaceImplementation", "1.0\InterfaceImplementation\InterfaceImplementation.csproj", "{89A01504-6390-4774-935C-EE72CE7A5384}"
EndProject
Project("{2150E333-8FDC-42A3-9474-1A3956D46DE8}") = "2.0", "2.0", "{40C73BAD-7103-4871-A8BF-8A124963AF22}"
EndProject
Project("{FAE04EC0-301F-11D3-BF4B-00C04F79EFBC}") = "NullableTypes", "2.0\NullableTypes\NullableTypes.csproj", "{490C46F6-1BF0-4E2A-A41D-1C1CC889BDD2}"
EndProject
Project("{FAE04EC0-301F-11D3-BF4B-00C04F79EFBC}") = "NullCoalescing", "2.0\NullCoalescing\NullCoalescing.csproj", "{1F128C9C-78AF-4C5A-8DA9-793B09A1558B}"
EndProject
Project("{FAE04EC0-301F-11D3-BF4B-00C04F79EFBC}") = "PropertyAccess", "2.0\PropertyAccess\PropertyAccess.csproj", "{9FDA9846-77CF-40B4-B336-8FFCB8494B60}"
EndProject
Project("{FAE04EC0-301F-11D3-BF4B-00C04F79EFBC}") = "Iterators", "2.0\Iterators\Iterators.csproj", "{F5D919D8-BDA3-401E-9F06-D3D49B1C7512}"
EndProject
Project("{FAE04EC0-301F-11D3-BF4B-00C04F79EFBC}") = "Generics", "2.0\Generics\Generics.csproj", "{BE433141-823F-45DC-8FA2-43214B8B526A}"
EndProject
Project("{FAE04EC0-301F-11D3-BF4B-00C04F79EFBC}") = "StaticClasses", "2.0\StaticClasses\StaticClasses.csproj", "{009756D6-7255-41AB-83FD-DBB59B66DB8C}"
EndProject
Project("{FAE04EC0-301F-11D3-BF4B-00C04F79EFBC}") = "PartialClasses", "2.0\PartialClasses\PartialClasses.csproj", "{EE95EC50-C52F-4AB0-A477-070921D9E17D}"
EndProject
Project("{FAE04EC0-301F-11D3-BF4B-00C04F79EFBC}") = "AnonymousMethods", "2.0\AnonymousMethods\AnonymousMethods.csproj", "{C679FD7C-B95E-4BA6-80D3-C5BC1BEA17E1}"
EndProject
Project("{FAE04EC0-301F-11D3-BF4B-00C04F79EFBC}") = "DelegateVariance", "2.0\DelegateVariance\DelegateVariance.csproj", "{1F2A8C16-8040-4F50-903F-5907B92BE220}"
EndProject
Project("{FAE04EC0-301F-11D3-BF4B-00C04F79EFBC}") = "Closures", "2.0\Closures\Closures.csproj", "{14D8AA98-BB3C-4139-8C77-9DF8088CC265}"
EndProject
Project("{2150E333-8FDC-42A3-9474-1A3956D46DE8}") = "3.0", "3.0", "{D1FC81C4-7745-4155-B660-4D8BDA0CECE7}"
EndProject
Project("{FAE04EC0-301F-11D3-BF4B-00C04F79EFBC}") = "Var", "3.0\Var\Var.csproj", "{AFBEA21B-2B60-473D-B113-99E1E56EE0A4}"
EndProject
Project("{FAE04EC0-301F-11D3-BF4B-00C04F79EFBC}") = "ExtensionMethods", "3.0\ExtensionMethods\ExtensionMethods.csproj", "{8F9D8A35-6CAE-48A1-B1E3-3B441C8F01BF}"
EndProject
Project("{FAE04EC0-301F-11D3-BF4B-00C04F79EFBC}") = "AutoImplementedProperties", "3.0\AutoImplementedProperties\AutoImplementedProperties.csproj", "{38E17EB2-BB3C-4F20-BDC7-7D4B5C478FBF}"
EndProject
Project("{FAE04EC0-301F-11D3-BF4B-00C04F79EFBC}") = "Initializers", "3.0\Initializers\Initializers.csproj", "{8CEC9D87-5BE1-452B-8005-85A76DB82669}"
EndProject
Project("{FAE04EC0-301F-11D3-BF4B-00C04F79EFBC}") = "AnonymousTypes", "3.0\AnonymousTypes\AnonymousTypes.csproj", "{C10EB056-A69C-4786-8F56-E25E4EA2884A}"
EndProject
Project("{FAE04EC0-301F-11D3-BF4B-00C04F79EFBC}") = "PartialMethods", "3.0\PartialMethods\PartialMethods.csproj", "{1774FC97-ECA2-44BD-866C-9EAD273A1FE0}"
EndProject
Project("{FAE04EC0-301F-11D3-BF4B-00C04F79EFBC}") = "LambdaExpressions", "3.0\LambdaExpressions\LambdaExpressions.csproj", "{847EAF73-0B1A-4821-A634-4BC5C79623CC}"
EndProject
Project("{FAE04EC0-301F-11D3-BF4B-00C04F79EFBC}") = "ExpressionTrees", "3.0\ExpressionTrees\ExpressionTrees.csproj", "{633853F4-72E4-424D-9B65-514C20BA934D}"
EndProject
Project("{FAE04EC0-301F-11D3-BF4B-00C04F79EFBC}") = "QueryExpressions", "3.0\QueryExpressions\QueryExpressions.csproj", "{A3510366-EAE2-4CA3-A6CD-E6FB5E3A6D71}"
EndProject
Project("{2150E333-8FDC-42A3-9474-1A3956D46DE8}") = "4.0", "4.0", "{42E94D50-52CE-4322-806B-DB11749A2F3C}"
EndProject
Project("{FAE04EC0-301F-11D3-BF4B-00C04F79EFBC}") = "OptionalNamedParameters", "4.0\OptionalNamedParameters\OptionalNamedParameters.csproj", "{FA717A44-758A-4FA4-B807-ABEB36543866}"
EndProject
Project("{FAE04EC0-301F-11D3-BF4B-00C04F79EFBC}") = "InOutVariance", "4.0\InOutVariance\InOutVariance.csproj", "{BE6BE838-4825-4DD4-81A4-72E58B2BB599}"
EndProject
Project("{FAE04EC0-301F-11D3-BF4B-00C04F79EFBC}") = "Dynamic", "4.0\Dynamic\Dynamic.csproj", "{AC4A9744-0179-4528-AB17-7C2C5E0E35AD}"
EndProject
Project("{FAE04EC0-301F-11D3-BF4B-00C04F79EFBC}") = "Automation", "4.0\Automation\Automation.csproj", "{2C9878DD-7562-4B95-8C53-C22112209F55}"
EndProject
Project("{2150E333-8FDC-42A3-9474-1A3956D46DE8}") = "5.0", "5.0", "{53A44A70-F610-46F1-A5B9-79A05F91508E}"
EndProject
Project("{FAE04EC0-301F-11D3-BF4B-00C04F79EFBC}") = "AsyncAwait", "5.0\AsyncAwait\AsyncAwait.csproj", "{4925AB31-07E6-4E68-B05C-9B94ED4563A3}"
EndProject
Global
	GlobalSection(SolutionConfigurationPlatforms) = preSolution
		Debug|Any CPU = Debug|Any CPU
		Debug|Mixed Platforms = Debug|Mixed Platforms
		Debug|x86 = Debug|x86
		Release|Any CPU = Release|Any CPU
		Release|Mixed Platforms = Release|Mixed Platforms
		Release|x86 = Release|x86
	EndGlobalSection
	GlobalSection(ProjectConfigurationPlatforms) = postSolution
		{009756D6-7255-41AB-83FD-DBB59B66DB8C}.Debug|Any CPU.ActiveCfg = Debug|x86
		{009756D6-7255-41AB-83FD-DBB59B66DB8C}.Debug|Mixed Platforms.ActiveCfg = Debug|x86
		{009756D6-7255-41AB-83FD-DBB59B66DB8C}.Debug|Mixed Platforms.Build.0 = Debug|x86
		{009756D6-7255-41AB-83FD-DBB59B66DB8C}.Debug|x86.ActiveCfg = Debug|x86
		{009756D6-7255-41AB-83FD-DBB59B66DB8C}.Debug|x86.Build.0 = Debug|x86
		{009756D6-7255-41AB-83FD-DBB59B66DB8C}.Release|Any CPU.ActiveCfg = Release|x86
		{009756D6-7255-41AB-83FD-DBB59B66DB8C}.Release|Mixed Platforms.ActiveCfg = Release|x86
		{009756D6-7255-41AB-83FD-DBB59B66DB8C}.Release|Mixed Platforms.Build.0 = Release|x86
		{009756D6-7255-41AB-83FD-DBB59B66DB8C}.Release|x86.ActiveCfg = Release|x86
		{009756D6-7255-41AB-83FD-DBB59B66DB8C}.Release|x86.Build.0 = Release|x86
		{14D8AA98-BB3C-4139-8C77-9DF8088CC265}.Debug|Any CPU.ActiveCfg = Debug|x86
		{14D8AA98-BB3C-4139-8C77-9DF8088CC265}.Debug|Mixed Platforms.ActiveCfg = Debug|x86
		{14D8AA98-BB3C-4139-8C77-9DF8088CC265}.Debug|Mixed Platforms.Build.0 = Debug|x86
		{14D8AA98-BB3C-4139-8C77-9DF8088CC265}.Debug|x86.ActiveCfg = Debug|x86
		{14D8AA98-BB3C-4139-8C77-9DF8088CC265}.Debug|x86.Build.0 = Debug|x86
		{14D8AA98-BB3C-4139-8C77-9DF8088CC265}.Release|Any CPU.ActiveCfg = Release|x86
		{14D8AA98-BB3C-4139-8C77-9DF8088CC265}.Release|Mixed Platforms.ActiveCfg = Release|x86
		{14D8AA98-BB3C-4139-8C77-9DF8088CC265}.Release|Mixed Platforms.Build.0 = Release|x86
		{14D8AA98-BB3C-4139-8C77-9DF8088CC265}.Release|x86.ActiveCfg = Release|x86
		{14D8AA98-BB3C-4139-8C77-9DF8088CC265}.Release|x86.Build.0 = Release|x86
		{1774FC97-ECA2-44BD-866C-9EAD273A1FE0}.Debug|Any CPU.ActiveCfg = Debug|x86
		{1774FC97-ECA2-44BD-866C-9EAD273A1FE0}.Debug|Mixed Platforms.ActiveCfg = Debug|x86
		{1774FC97-ECA2-44BD-866C-9EAD273A1FE0}.Debug|Mixed Platforms.Build.0 = Debug|x86
		{1774FC97-ECA2-44BD-866C-9EAD273A1FE0}.Debug|x86.ActiveCfg = Debug|x86
		{1774FC97-ECA2-44BD-866C-9EAD273A1FE0}.Debug|x86.Build.0 = Debug|x86
		{1774FC97-ECA2-44BD-866C-9EAD273A1FE0}.Release|Any CPU.ActiveCfg = Release|x86
		{1774FC97-ECA2-44BD-866C-9EAD273A1FE0}.Release|Mixed Platforms.ActiveCfg = Release|x86
		{1774FC97-ECA2-44BD-866C-9EAD273A1FE0}.Release|Mixed Platforms.Build.0 = Release|x86
		{1774FC97-ECA2-44BD-866C-9EAD273A1FE0}.Release|x86.ActiveCfg = Release|x86
		{1774FC97-ECA2-44BD-866C-9EAD273A1FE0}.Release|x86.Build.0 = Release|x86
		{1F128C9C-78AF-4C5A-8DA9-793B09A1558B}.Debug|Any CPU.ActiveCfg = Debug|x86
		{1F128C9C-78AF-4C5A-8DA9-793B09A1558B}.Debug|Mixed Platforms.ActiveCfg = Debug|x86
		{1F128C9C-78AF-4C5A-8DA9-793B09A1558B}.Debug|Mixed Platforms.Build.0 = Debug|x86
		{1F128C9C-78AF-4C5A-8DA9-793B09A1558B}.Debug|x86.ActiveCfg = Debug|x86
		{1F128C9C-78AF-4C5A-8DA9-793B09A1558B}.Debug|x86.Build.0 = Debug|x86
		{1F128C9C-78AF-4C5A-8DA9-793B09A1558B}.Release|Any CPU.ActiveCfg = Release|x86
		{1F128C9C-78AF-4C5A-8DA9-793B09A1558B}.Release|Mixed Platforms.ActiveCfg = Release|x86
		{1F128C9C-78AF-4C5A-8DA9-793B09A1558B}.Release|Mixed Platforms.Build.0 = Release|x86
		{1F128C9C-78AF-4C5A-8DA9-793B09A1558B}.Release|x86.ActiveCfg = Release|x86
		{1F128C9C-78AF-4C5A-8DA9-793B09A1558B}.Release|x86.Build.0 = Release|x86
		{1F2A8C16-8040-4F50-903F-5907B92BE220}.Debug|Any CPU.ActiveCfg = Debug|x86
		{1F2A8C16-8040-4F50-903F-5907B92BE220}.Debug|Mixed Platforms.ActiveCfg = Debug|x86
		{1F2A8C16-8040-4F50-903F-5907B92BE220}.Debug|Mixed Platforms.Build.0 = Debug|x86
		{1F2A8C16-8040-4F50-903F-5907B92BE220}.Debug|x86.ActiveCfg = Debug|x86
		{1F2A8C16-8040-4F50-903F-5907B92BE220}.Debug|x86.Build.0 = Debug|x86
		{1F2A8C16-8040-4F50-903F-5907B92BE220}.Release|Any CPU.ActiveCfg = Release|x86
		{1F2A8C16-8040-4F50-903F-5907B92BE220}.Release|Mixed Platforms.ActiveCfg = Release|x86
		{1F2A8C16-8040-4F50-903F-5907B92BE220}.Release|Mixed Platforms.Build.0 = Release|x86
		{1F2A8C16-8040-4F50-903F-5907B92BE220}.Release|x86.ActiveCfg = Release|x86
		{1F2A8C16-8040-4F50-903F-5907B92BE220}.Release|x86.Build.0 = Release|x86
		{1FE7CB22-3E13-436B-AAEB-6F56B91C090C}.Debug|Any CPU.ActiveCfg = Debug|x86
		{1FE7CB22-3E13-436B-AAEB-6F56B91C090C}.Debug|Mixed Platforms.ActiveCfg = Debug|x86
		{1FE7CB22-3E13-436B-AAEB-6F56B91C090C}.Debug|Mixed Platforms.Build.0 = Debug|x86
		{1FE7CB22-3E13-436B-AAEB-6F56B91C090C}.Debug|x86.ActiveCfg = Debug|x86
		{1FE7CB22-3E13-436B-AAEB-6F56B91C090C}.Debug|x86.Build.0 = Debug|x86
		{1FE7CB22-3E13-436B-AAEB-6F56B91C090C}.Release|Any CPU.ActiveCfg = Release|x86
		{1FE7CB22-3E13-436B-AAEB-6F56B91C090C}.Release|Mixed Platforms.ActiveCfg = Release|x86
		{1FE7CB22-3E13-436B-AAEB-6F56B91C090C}.Release|Mixed Platforms.Build.0 = Release|x86
		{1FE7CB22-3E13-436B-AAEB-6F56B91C090C}.Release|x86.ActiveCfg = Release|x86
		{1FE7CB22-3E13-436B-AAEB-6F56B91C090C}.Release|x86.Build.0 = Release|x86
		{2C9878DD-7562-4B95-8C53-C22112209F55}.Debug|Any CPU.ActiveCfg = Debug|x86
		{2C9878DD-7562-4B95-8C53-C22112209F55}.Debug|Mixed Platforms.ActiveCfg = Debug|x86
		{2C9878DD-7562-4B95-8C53-C22112209F55}.Debug|Mixed Platforms.Build.0 = Debug|x86
		{2C9878DD-7562-4B95-8C53-C22112209F55}.Debug|x86.ActiveCfg = Debug|x86
		{2C9878DD-7562-4B95-8C53-C22112209F55}.Debug|x86.Build.0 = Debug|x86
		{2C9878DD-7562-4B95-8C53-C22112209F55}.Release|Any CPU.ActiveCfg = Release|x86
		{2C9878DD-7562-4B95-8C53-C22112209F55}.Release|Mixed Platforms.ActiveCfg = Release|x86
		{2C9878DD-7562-4B95-8C53-C22112209F55}.Release|Mixed Platforms.Build.0 = Release|x86
		{2C9878DD-7562-4B95-8C53-C22112209F55}.Release|x86.ActiveCfg = Release|x86
		{2C9878DD-7562-4B95-8C53-C22112209F55}.Release|x86.Build.0 = Release|x86
		{38E17EB2-BB3C-4F20-BDC7-7D4B5C478FBF}.Debug|Any CPU.ActiveCfg = Debug|x86
		{38E17EB2-BB3C-4F20-BDC7-7D4B5C478FBF}.Debug|Mixed Platforms.ActiveCfg = Debug|x86
		{38E17EB2-BB3C-4F20-BDC7-7D4B5C478FBF}.Debug|Mixed Platforms.Build.0 = Debug|x86
		{38E17EB2-BB3C-4F20-BDC7-7D4B5C478FBF}.Debug|x86.ActiveCfg = Debug|x86
		{38E17EB2-BB3C-4F20-BDC7-7D4B5C478FBF}.Debug|x86.Build.0 = Debug|x86
		{38E17EB2-BB3C-4F20-BDC7-7D4B5C478FBF}.Release|Any CPU.ActiveCfg = Release|x86
		{38E17EB2-BB3C-4F20-BDC7-7D4B5C478FBF}.Release|Mixed Platforms.ActiveCfg = Release|x86
		{38E17EB2-BB3C-4F20-BDC7-7D4B5C478FBF}.Release|Mixed Platforms.Build.0 = Release|x86
		{38E17EB2-BB3C-4F20-BDC7-7D4B5C478FBF}.Release|x86.ActiveCfg = Release|x86
		{38E17EB2-BB3C-4F20-BDC7-7D4B5C478FBF}.Release|x86.Build.0 = Release|x86
		{471C749E-A808-473B-B363-DBDB777155E1}.Debug|Any CPU.ActiveCfg = Debug|x86
		{471C749E-A808-473B-B363-DBDB777155E1}.Debug|Mixed Platforms.ActiveCfg = Debug|x86
		{471C749E-A808-473B-B363-DBDB777155E1}.Debug|Mixed Platforms.Build.0 = Debug|x86
		{471C749E-A808-473B-B363-DBDB777155E1}.Debug|x86.ActiveCfg = Debug|x86
		{471C749E-A808-473B-B363-DBDB777155E1}.Debug|x86.Build.0 = Debug|x86
		{471C749E-A808-473B-B363-DBDB777155E1}.Release|Any CPU.ActiveCfg = Release|x86
		{471C749E-A808-473B-B363-DBDB777155E1}.Release|Mixed Platforms.ActiveCfg = Release|x86
		{471C749E-A808-473B-B363-DBDB777155E1}.Release|Mixed Platforms.Build.0 = Release|x86
		{471C749E-A808-473B-B363-DBDB777155E1}.Release|x86.ActiveCfg = Release|x86
		{471C749E-A808-473B-B363-DBDB777155E1}.Release|x86.Build.0 = Release|x86
		{490C46F6-1BF0-4E2A-A41D-1C1CC889BDD2}.Debug|Any CPU.ActiveCfg = Debug|x86
		{490C46F6-1BF0-4E2A-A41D-1C1CC889BDD2}.Debug|Mixed Platforms.ActiveCfg = Debug|x86
		{490C46F6-1BF0-4E2A-A41D-1C1CC889BDD2}.Debug|Mixed Platforms.Build.0 = Debug|x86
		{490C46F6-1BF0-4E2A-A41D-1C1CC889BDD2}.Debug|x86.ActiveCfg = Debug|x86
		{490C46F6-1BF0-4E2A-A41D-1C1CC889BDD2}.Debug|x86.Build.0 = Debug|x86
		{490C46F6-1BF0-4E2A-A41D-1C1CC889BDD2}.Release|Any CPU.ActiveCfg = Release|x86
		{490C46F6-1BF0-4E2A-A41D-1C1CC889BDD2}.Release|Mixed Platforms.ActiveCfg = Release|x86
		{490C46F6-1BF0-4E2A-A41D-1C1CC889BDD2}.Release|Mixed Platforms.Build.0 = Release|x86
		{490C46F6-1BF0-4E2A-A41D-1C1CC889BDD2}.Release|x86.ActiveCfg = Release|x86
		{490C46F6-1BF0-4E2A-A41D-1C1CC889BDD2}.Release|x86.Build.0 = Release|x86
		{4925AB31-07E6-4E68-B05C-9B94ED4563A3}.Debug|Any CPU.ActiveCfg = Debug|Any CPU
		{4925AB31-07E6-4E68-B05C-9B94ED4563A3}.Debug|Any CPU.Build.0 = Debug|Any CPU
		{4925AB31-07E6-4E68-B05C-9B94ED4563A3}.Debug|Mixed Platforms.ActiveCfg = Debug|Any CPU
		{4925AB31-07E6-4E68-B05C-9B94ED4563A3}.Debug|Mixed Platforms.Build.0 = Debug|Any CPU
		{4925AB31-07E6-4E68-B05C-9B94ED4563A3}.Debug|x86.ActiveCfg = Debug|Any CPU
		{4925AB31-07E6-4E68-B05C-9B94ED4563A3}.Release|Any CPU.ActiveCfg = Release|Any CPU
		{4925AB31-07E6-4E68-B05C-9B94ED4563A3}.Release|Any CPU.Build.0 = Release|Any CPU
		{4925AB31-07E6-4E68-B05C-9B94ED4563A3}.Release|Mixed Platforms.ActiveCfg = Release|Any CPU
		{4925AB31-07E6-4E68-B05C-9B94ED4563A3}.Release|Mixed Platforms.Build.0 = Release|Any CPU
		{4925AB31-07E6-4E68-B05C-9B94ED4563A3}.Release|x86.ActiveCfg = Release|Any CPU
		{633853F4-72E4-424D-9B65-514C20BA934D}.Debug|Any CPU.ActiveCfg = Debug|x86
		{633853F4-72E4-424D-9B65-514C20BA934D}.Debug|Mixed Platforms.ActiveCfg = Debug|x86
		{633853F4-72E4-424D-9B65-514C20BA934D}.Debug|Mixed Platforms.Build.0 = Debug|x86
		{633853F4-72E4-424D-9B65-514C20BA934D}.Debug|x86.ActiveCfg = Debug|x86
		{633853F4-72E4-424D-9B65-514C20BA934D}.Debug|x86.Build.0 = Debug|x86
		{633853F4-72E4-424D-9B65-514C20BA934D}.Release|Any CPU.ActiveCfg = Release|x86
		{633853F4-72E4-424D-9B65-514C20BA934D}.Release|Mixed Platforms.ActiveCfg = Release|x86
		{633853F4-72E4-424D-9B65-514C20BA934D}.Release|Mixed Platforms.Build.0 = Release|x86
		{633853F4-72E4-424D-9B65-514C20BA934D}.Release|x86.ActiveCfg = Release|x86
		{633853F4-72E4-424D-9B65-514C20BA934D}.Release|x86.Build.0 = Release|x86
		{734973E3-8265-42CE-BBC1-C165D9F2C851}.Debug|Any CPU.ActiveCfg = Debug|x86
		{734973E3-8265-42CE-BBC1-C165D9F2C851}.Debug|Mixed Platforms.ActiveCfg = Debug|x86
		{734973E3-8265-42CE-BBC1-C165D9F2C851}.Debug|Mixed Platforms.Build.0 = Debug|x86
		{734973E3-8265-42CE-BBC1-C165D9F2C851}.Debug|x86.ActiveCfg = Debug|x86
		{734973E3-8265-42CE-BBC1-C165D9F2C851}.Debug|x86.Build.0 = Debug|x86
		{734973E3-8265-42CE-BBC1-C165D9F2C851}.Release|Any CPU.ActiveCfg = Release|x86
		{734973E3-8265-42CE-BBC1-C165D9F2C851}.Release|Mixed Platforms.ActiveCfg = Release|x86
		{734973E3-8265-42CE-BBC1-C165D9F2C851}.Release|Mixed Platforms.Build.0 = Release|x86
		{734973E3-8265-42CE-BBC1-C165D9F2C851}.Release|x86.ActiveCfg = Release|x86
		{734973E3-8265-42CE-BBC1-C165D9F2C851}.Release|x86.Build.0 = Release|x86
		{847EAF73-0B1A-4821-A634-4BC5C79623CC}.Debug|Any CPU.ActiveCfg = Debug|x86
		{847EAF73-0B1A-4821-A634-4BC5C79623CC}.Debug|Mixed Platforms.ActiveCfg = Debug|x86
		{847EAF73-0B1A-4821-A634-4BC5C79623CC}.Debug|Mixed Platforms.Build.0 = Debug|x86
		{847EAF73-0B1A-4821-A634-4BC5C79623CC}.Debug|x86.ActiveCfg = Debug|x86
		{847EAF73-0B1A-4821-A634-4BC5C79623CC}.Debug|x86.Build.0 = Debug|x86
		{847EAF73-0B1A-4821-A634-4BC5C79623CC}.Release|Any CPU.ActiveCfg = Release|x86
		{847EAF73-0B1A-4821-A634-4BC5C79623CC}.Release|Mixed Platforms.ActiveCfg = Release|x86
		{847EAF73-0B1A-4821-A634-4BC5C79623CC}.Release|Mixed Platforms.Build.0 = Release|x86
		{847EAF73-0B1A-4821-A634-4BC5C79623CC}.Release|x86.ActiveCfg = Release|x86
		{847EAF73-0B1A-4821-A634-4BC5C79623CC}.Release|x86.Build.0 = Release|x86
		{89A01504-6390-4774-935C-EE72CE7A5384}.Debug|Any CPU.ActiveCfg = Debug|x86
		{89A01504-6390-4774-935C-EE72CE7A5384}.Debug|Mixed Platforms.ActiveCfg = Debug|x86
		{89A01504-6390-4774-935C-EE72CE7A5384}.Debug|Mixed Platforms.Build.0 = Debug|x86
		{89A01504-6390-4774-935C-EE72CE7A5384}.Debug|x86.ActiveCfg = Debug|x86
		{89A01504-6390-4774-935C-EE72CE7A5384}.Debug|x86.Build.0 = Debug|x86
		{89A01504-6390-4774-935C-EE72CE7A5384}.Release|Any CPU.ActiveCfg = Release|x86
		{89A01504-6390-4774-935C-EE72CE7A5384}.Release|Mixed Platforms.ActiveCfg = Release|x86
		{89A01504-6390-4774-935C-EE72CE7A5384}.Release|Mixed Platforms.Build.0 = Release|x86
		{89A01504-6390-4774-935C-EE72CE7A5384}.Release|x86.ActiveCfg = Release|x86
		{89A01504-6390-4774-935C-EE72CE7A5384}.Release|x86.Build.0 = Release|x86
		{8CEC9D87-5BE1-452B-8005-85A76DB82669}.Debug|Any CPU.ActiveCfg = Debug|x86
		{8CEC9D87-5BE1-452B-8005-85A76DB82669}.Debug|Mixed Platforms.ActiveCfg = Debug|x86
		{8CEC9D87-5BE1-452B-8005-85A76DB82669}.Debug|Mixed Platforms.Build.0 = Debug|x86
		{8CEC9D87-5BE1-452B-8005-85A76DB82669}.Debug|x86.ActiveCfg = Debug|x86
		{8CEC9D87-5BE1-452B-8005-85A76DB82669}.Debug|x86.Build.0 = Debug|x86
		{8CEC9D87-5BE1-452B-8005-85A76DB82669}.Release|Any CPU.ActiveCfg = Release|x86
		{8CEC9D87-5BE1-452B-8005-85A76DB82669}.Release|Mixed Platforms.ActiveCfg = Release|x86
		{8CEC9D87-5BE1-452B-8005-85A76DB82669}.Release|Mixed Platforms.Build.0 = Release|x86
		{8CEC9D87-5BE1-452B-8005-85A76DB82669}.Release|x86.ActiveCfg = Release|x86
		{8CEC9D87-5BE1-452B-8005-85A76DB82669}.Release|x86.Build.0 = Release|x86
		{8F9D8A35-6CAE-48A1-B1E3-3B441C8F01BF}.Debug|Any CPU.ActiveCfg = Debug|x86
		{8F9D8A35-6CAE-48A1-B1E3-3B441C8F01BF}.Debug|Mixed Platforms.ActiveCfg = Debug|x86
		{8F9D8A35-6CAE-48A1-B1E3-3B441C8F01BF}.Debug|Mixed Platforms.Build.0 = Debug|x86
		{8F9D8A35-6CAE-48A1-B1E3-3B441C8F01BF}.Debug|x86.ActiveCfg = Debug|x86
		{8F9D8A35-6CAE-48A1-B1E3-3B441C8F01BF}.Debug|x86.Build.0 = Debug|x86
		{8F9D8A35-6CAE-48A1-B1E3-3B441C8F01BF}.Release|Any CPU.ActiveCfg = Release|x86
		{8F9D8A35-6CAE-48A1-B1E3-3B441C8F01BF}.Release|Mixed Platforms.ActiveCfg = Release|x86
		{8F9D8A35-6CAE-48A1-B1E3-3B441C8F01BF}.Release|Mixed Platforms.Build.0 = Release|x86
		{8F9D8A35-6CAE-48A1-B1E3-3B441C8F01BF}.Release|x86.ActiveCfg = Release|x86
		{8F9D8A35-6CAE-48A1-B1E3-3B441C8F01BF}.Release|x86.Build.0 = Release|x86
		{9FDA9846-77CF-40B4-B336-8FFCB8494B60}.Debug|Any CPU.ActiveCfg = Debug|x86
		{9FDA9846-77CF-40B4-B336-8FFCB8494B60}.Debug|Mixed Platforms.ActiveCfg = Debug|x86
		{9FDA9846-77CF-40B4-B336-8FFCB8494B60}.Debug|Mixed Platforms.Build.0 = Debug|x86
		{9FDA9846-77CF-40B4-B336-8FFCB8494B60}.Debug|x86.ActiveCfg = Debug|x86
		{9FDA9846-77CF-40B4-B336-8FFCB8494B60}.Debug|x86.Build.0 = Debug|x86
		{9FDA9846-77CF-40B4-B336-8FFCB8494B60}.Release|Any CPU.ActiveCfg = Release|x86
		{9FDA9846-77CF-40B4-B336-8FFCB8494B60}.Release|Mixed Platforms.ActiveCfg = Release|x86
		{9FDA9846-77CF-40B4-B336-8FFCB8494B60}.Release|Mixed Platforms.Build.0 = Release|x86
		{9FDA9846-77CF-40B4-B336-8FFCB8494B60}.Release|x86.ActiveCfg = Release|x86
		{9FDA9846-77CF-40B4-B336-8FFCB8494B60}.Release|x86.Build.0 = Release|x86
		{A3510366-EAE2-4CA3-A6CD-E6FB5E3A6D71}.Debug|Any CPU.ActiveCfg = Debug|x86
		{A3510366-EAE2-4CA3-A6CD-E6FB5E3A6D71}.Debug|Mixed Platforms.ActiveCfg = Debug|x86
		{A3510366-EAE2-4CA3-A6CD-E6FB5E3A6D71}.Debug|Mixed Platforms.Build.0 = Debug|x86
		{A3510366-EAE2-4CA3-A6CD-E6FB5E3A6D71}.Debug|x86.ActiveCfg = Debug|x86
		{A3510366-EAE2-4CA3-A6CD-E6FB5E3A6D71}.Debug|x86.Build.0 = Debug|x86
		{A3510366-EAE2-4CA3-A6CD-E6FB5E3A6D71}.Release|Any CPU.ActiveCfg = Release|x86
		{A3510366-EAE2-4CA3-A6CD-E6FB5E3A6D71}.Release|Mixed Platforms.ActiveCfg = Release|x86
		{A3510366-EAE2-4CA3-A6CD-E6FB5E3A6D71}.Release|Mixed Platforms.Build.0 = Release|x86
		{A3510366-EAE2-4CA3-A6CD-E6FB5E3A6D71}.Release|x86.ActiveCfg = Release|x86
		{A3510366-EAE2-4CA3-A6CD-E6FB5E3A6D71}.Release|x86.Build.0 = Release|x86
		{AC4A9744-0179-4528-AB17-7C2C5E0E35AD}.Debug|Any CPU.ActiveCfg = Debug|x86
		{AC4A9744-0179-4528-AB17-7C2C5E0E35AD}.Debug|Mixed Platforms.ActiveCfg = Debug|x86
		{AC4A9744-0179-4528-AB17-7C2C5E0E35AD}.Debug|Mixed Platforms.Build.0 = Debug|x86
		{AC4A9744-0179-4528-AB17-7C2C5E0E35AD}.Debug|x86.ActiveCfg = Debug|x86
		{AC4A9744-0179-4528-AB17-7C2C5E0E35AD}.Debug|x86.Build.0 = Debug|x86
		{AC4A9744-0179-4528-AB17-7C2C5E0E35AD}.Release|Any CPU.ActiveCfg = Release|x86
		{AC4A9744-0179-4528-AB17-7C2C5E0E35AD}.Release|Mixed Platforms.ActiveCfg = Release|x86
		{AC4A9744-0179-4528-AB17-7C2C5E0E35AD}.Release|Mixed Platforms.Build.0 = Release|x86
		{AC4A9744-0179-4528-AB17-7C2C5E0E35AD}.Release|x86.ActiveCfg = Release|x86
		{AC4A9744-0179-4528-AB17-7C2C5E0E35AD}.Release|x86.Build.0 = Release|x86
		{AFBEA21B-2B60-473D-B113-99E1E56EE0A4}.Debug|Any CPU.ActiveCfg = Debug|x86
		{AFBEA21B-2B60-473D-B113-99E1E56EE0A4}.Debug|Mixed Platforms.ActiveCfg = Debug|x86
		{AFBEA21B-2B60-473D-B113-99E1E56EE0A4}.Debug|Mixed Platforms.Build.0 = Debug|x86
		{AFBEA21B-2B60-473D-B113-99E1E56EE0A4}.Debug|x86.ActiveCfg = Debug|x86
		{AFBEA21B-2B60-473D-B113-99E1E56EE0A4}.Debug|x86.Build.0 = Debug|x86
		{AFBEA21B-2B60-473D-B113-99E1E56EE0A4}.Release|Any CPU.ActiveCfg = Release|x86
		{AFBEA21B-2B60-473D-B113-99E1E56EE0A4}.Release|Mixed Platforms.ActiveCfg = Release|x86
		{AFBEA21B-2B60-473D-B113-99E1E56EE0A4}.Release|Mixed Platforms.Build.0 = Release|x86
		{AFBEA21B-2B60-473D-B113-99E1E56EE0A4}.Release|x86.ActiveCfg = Release|x86
		{AFBEA21B-2B60-473D-B113-99E1E56EE0A4}.Release|x86.Build.0 = Release|x86
		{BE433141-823F-45DC-8FA2-43214B8B526A}.Debug|Any CPU.ActiveCfg = Debug|x86
		{BE433141-823F-45DC-8FA2-43214B8B526A}.Debug|Mixed Platforms.ActiveCfg = Debug|x86
		{BE433141-823F-45DC-8FA2-43214B8B526A}.Debug|Mixed Platforms.Build.0 = Debug|x86
		{BE433141-823F-45DC-8FA2-43214B8B526A}.Debug|x86.ActiveCfg = Debug|x86
		{BE433141-823F-45DC-8FA2-43214B8B526A}.Debug|x86.Build.0 = Debug|x86
		{BE433141-823F-45DC-8FA2-43214B8B526A}.Release|Any CPU.ActiveCfg = Release|x86
		{BE433141-823F-45DC-8FA2-43214B8B526A}.Release|Mixed Platforms.ActiveCfg = Release|x86
		{BE433141-823F-45DC-8FA2-43214B8B526A}.Release|Mixed Platforms.Build.0 = Release|x86
		{BE433141-823F-45DC-8FA2-43214B8B526A}.Release|x86.ActiveCfg = Release|x86
		{BE433141-823F-45DC-8FA2-43214B8B526A}.Release|x86.Build.0 = Release|x86
		{BE6BE838-4825-4DD4-81A4-72E58B2BB599}.Debug|Any CPU.ActiveCfg = Debug|x86
		{BE6BE838-4825-4DD4-81A4-72E58B2BB599}.Debug|Mixed Platforms.ActiveCfg = Debug|x86
		{BE6BE838-4825-4DD4-81A4-72E58B2BB599}.Debug|Mixed Platforms.Build.0 = Debug|x86
		{BE6BE838-4825-4DD4-81A4-72E58B2BB599}.Debug|x86.ActiveCfg = Debug|x86
		{BE6BE838-4825-4DD4-81A4-72E58B2BB599}.Debug|x86.Build.0 = Debug|x86
		{BE6BE838-4825-4DD4-81A4-72E58B2BB599}.Release|Any CPU.ActiveCfg = Release|x86
		{BE6BE838-4825-4DD4-81A4-72E58B2BB599}.Release|Mixed Platforms.ActiveCfg = Release|x86
		{BE6BE838-4825-4DD4-81A4-72E58B2BB599}.Release|Mixed Platforms.Build.0 = Release|x86
		{BE6BE838-4825-4DD4-81A4-72E58B2BB599}.Release|x86.ActiveCfg = Release|x86
		{BE6BE838-4825-4DD4-81A4-72E58B2BB599}.Release|x86.Build.0 = Release|x86
		{C10EB056-A69C-4786-8F56-E25E4EA2884A}.Debug|Any CPU.ActiveCfg = Debug|x86
		{C10EB056-A69C-4786-8F56-E25E4EA2884A}.Debug|Mixed Platforms.ActiveCfg = Debug|x86
		{C10EB056-A69C-4786-8F56-E25E4EA2884A}.Debug|Mixed Platforms.Build.0 = Debug|x86
		{C10EB056-A69C-4786-8F56-E25E4EA2884A}.Debug|x86.ActiveCfg = Debug|x86
		{C10EB056-A69C-4786-8F56-E25E4EA2884A}.Debug|x86.Build.0 = Debug|x86
		{C10EB056-A69C-4786-8F56-E25E4EA2884A}.Release|Any CPU.ActiveCfg = Release|x86
		{C10EB056-A69C-4786-8F56-E25E4EA2884A}.Release|Mixed Platforms.ActiveCfg = Release|x86
		{C10EB056-A69C-4786-8F56-E25E4EA2884A}.Release|Mixed Platforms.Build.0 = Release|x86
		{C10EB056-A69C-4786-8F56-E25E4EA2884A}.Release|x86.ActiveCfg = Release|x86
		{C10EB056-A69C-4786-8F56-E25E4EA2884A}.Release|x86.Build.0 = Release|x86
		{C679FD7C-B95E-4BA6-80D3-C5BC1BEA17E1}.Debug|Any CPU.ActiveCfg = Debug|x86
		{C679FD7C-B95E-4BA6-80D3-C5BC1BEA17E1}.Debug|Mixed Platforms.ActiveCfg = Debug|x86
		{C679FD7C-B95E-4BA6-80D3-C5BC1BEA17E1}.Debug|Mixed Platforms.Build.0 = Debug|x86
		{C679FD7C-B95E-4BA6-80D3-C5BC1BEA17E1}.Debug|x86.ActiveCfg = Debug|x86
		{C679FD7C-B95E-4BA6-80D3-C5BC1BEA17E1}.Debug|x86.Build.0 = Debug|x86
		{C679FD7C-B95E-4BA6-80D3-C5BC1BEA17E1}.Release|Any CPU.ActiveCfg = Release|x86
		{C679FD7C-B95E-4BA6-80D3-C5BC1BEA17E1}.Release|Mixed Platforms.ActiveCfg = Release|x86
		{C679FD7C-B95E-4BA6-80D3-C5BC1BEA17E1}.Release|Mixed Platforms.Build.0 = Release|x86
		{C679FD7C-B95E-4BA6-80D3-C5BC1BEA17E1}.Release|x86.ActiveCfg = Release|x86
		{C679FD7C-B95E-4BA6-80D3-C5BC1BEA17E1}.Release|x86.Build.0 = Release|x86
		{EE95EC50-C52F-4AB0-A477-070921D9E17D}.Debug|Any CPU.ActiveCfg = Debug|x86
		{EE95EC50-C52F-4AB0-A477-070921D9E17D}.Debug|Mixed Platforms.ActiveCfg = Debug|x86
		{EE95EC50-C52F-4AB0-A477-070921D9E17D}.Debug|Mixed Platforms.Build.0 = Debug|x86
		{EE95EC50-C52F-4AB0-A477-070921D9E17D}.Debug|x86.ActiveCfg = Debug|x86
		{EE95EC50-C52F-4AB0-A477-070921D9E17D}.Debug|x86.Build.0 = Debug|x86
		{EE95EC50-C52F-4AB0-A477-070921D9E17D}.Release|Any CPU.ActiveCfg = Release|x86
		{EE95EC50-C52F-4AB0-A477-070921D9E17D}.Release|Mixed Platforms.ActiveCfg = Release|x86
		{EE95EC50-C52F-4AB0-A477-070921D9E17D}.Release|Mixed Platforms.Build.0 = Release|x86
		{EE95EC50-C52F-4AB0-A477-070921D9E17D}.Release|x86.ActiveCfg = Release|x86
		{EE95EC50-C52F-4AB0-A477-070921D9E17D}.Release|x86.Build.0 = Release|x86
		{F5D919D8-BDA3-401E-9F06-D3D49B1C7512}.Debug|Any CPU.ActiveCfg = Debug|x86
		{F5D919D8-BDA3-401E-9F06-D3D49B1C7512}.Debug|Mixed Platforms.ActiveCfg = Debug|x86
		{F5D919D8-BDA3-401E-9F06-D3D49B1C7512}.Debug|Mixed Platforms.Build.0 = Debug|x86
		{F5D919D8-BDA3-401E-9F06-D3D49B1C7512}.Debug|x86.ActiveCfg = Debug|x86
		{F5D919D8-BDA3-401E-9F06-D3D49B1C7512}.Debug|x86.Build.0 = Debug|x86
		{F5D919D8-BDA3-401E-9F06-D3D49B1C7512}.Release|Any CPU.ActiveCfg = Release|x86
		{F5D919D8-BDA3-401E-9F06-D3D49B1C7512}.Release|Mixed Platforms.ActiveCfg = Release|x86
		{F5D919D8-BDA3-401E-9F06-D3D49B1C7512}.Release|Mixed Platforms.Build.0 = Release|x86
		{F5D919D8-BDA3-401E-9F06-D3D49B1C7512}.Release|x86.ActiveCfg = Release|x86
		{F5D919D8-BDA3-401E-9F06-D3D49B1C7512}.Release|x86.Build.0 = Release|x86
		{FA717A44-758A-4FA4-B807-ABEB36543866}.Debug|Any CPU.ActiveCfg = Debug|x86
		{FA717A44-758A-4FA4-B807-ABEB36543866}.Debug|Mixed Platforms.ActiveCfg = Debug|x86
		{FA717A44-758A-4FA4-B807-ABEB36543866}.Debug|Mixed Platforms.Build.0 = Debug|x86
		{FA717A44-758A-4FA4-B807-ABEB36543866}.Debug|x86.ActiveCfg = Debug|x86
		{FA717A44-758A-4FA4-B807-ABEB36543866}.Debug|x86.Build.0 = Debug|x86
		{FA717A44-758A-4FA4-B807-ABEB36543866}.Release|Any CPU.ActiveCfg = Release|x86
		{FA717A44-758A-4FA4-B807-ABEB36543866}.Release|Mixed Platforms.ActiveCfg = Release|x86
		{FA717A44-758A-4FA4-B807-ABEB36543866}.Release|Mixed Platforms.Build.0 = Release|x86
		{FA717A44-758A-4FA4-B807-ABEB36543866}.Release|x86.ActiveCfg = Release|x86
		{FA717A44-758A-4FA4-B807-ABEB36543866}.Release|x86.Build.0 = Release|x86
	EndGlobalSection
	GlobalSection(SolutionProperties) = preSolution
		HideSolutionNode = FALSE
	EndGlobalSection
	GlobalSection(NestedProjects) = preSolution
		{009756D6-7255-41AB-83FD-DBB59B66DB8C} = {40C73BAD-7103-4871-A8BF-8A124963AF22}
		{14D8AA98-BB3C-4139-8C77-9DF8088CC265} = {40C73BAD-7103-4871-A8BF-8A124963AF22}
		{1774FC97-ECA2-44BD-866C-9EAD273A1FE0} = {D1FC81C4-7745-4155-B660-4D8BDA0CECE7}
		{1F128C9C-78AF-4C5A-8DA9-793B09A1558B} = {40C73BAD-7103-4871-A8BF-8A124963AF22}
		{1F2A8C16-8040-4F50-903F-5907B92BE220} = {40C73BAD-7103-4871-A8BF-8A124963AF22}
		{1FE7CB22-3E13-436B-AAEB-6F56B91C090C} = {F8479A0D-228B-42EE-9120-F8E1587CF0DD}
		{2C9878DD-7562-4B95-8C53-C22112209F55} = {42E94D50-52CE-4322-806B-DB11749A2F3C}
		{38E17EB2-BB3C-4F20-BDC7-7D4B5C478FBF} = {D1FC81C4-7745-4155-B660-4D8BDA0CECE7}
		{471C749E-A808-473B-B363-DBDB777155E1} = {F8479A0D-228B-42EE-9120-F8E1587CF0DD}
		{490C46F6-1BF0-4E2A-A41D-1C1CC889BDD2} = {40C73BAD-7103-4871-A8BF-8A124963AF22}
		{4925AB31-07E6-4E68-B05C-9B94ED4563A3} = {53A44A70-F610-46F1-A5B9-79A05F91508E}
		{633853F4-72E4-424D-9B65-514C20BA934D} = {D1FC81C4-7745-4155-B660-4D8BDA0CECE7}
		{734973E3-8265-42CE-BBC1-C165D9F2C851} = {F8479A0D-228B-42EE-9120-F8E1587CF0DD}
		{847EAF73-0B1A-4821-A634-4BC5C79623CC} = {D1FC81C4-7745-4155-B660-4D8BDA0CECE7}
		{89A01504-6390-4774-935C-EE72CE7A5384} = {F8479A0D-228B-42EE-9120-F8E1587CF0DD}
		{8CEC9D87-5BE1-452B-8005-85A76DB82669} = {D1FC81C4-7745-4155-B660-4D8BDA0CECE7}
		{8F9D8A35-6CAE-48A1-B1E3-3B441C8F01BF} = {D1FC81C4-7745-4155-B660-4D8BDA0CECE7}
		{9FDA9846-77CF-40B4-B336-8FFCB8494B60} = {40C73BAD-7103-4871-A8BF-8A124963AF22}
		{A3510366-EAE2-4CA3-A6CD-E6FB5E3A6D71} = {D1FC81C4-7745-4155-B660-4D8BDA0CECE7}
		{AC4A9744-0179-4528-AB17-7C2C5E0E35AD} = {42E94D50-52CE-4322-806B-DB11749A2F3C}
		{AFBEA21B-2B60-473D-B113-99E1E56EE0A4} = {D1FC81C4-7745-4155-B660-4D8BDA0CECE7}
		{BE433141-823F-45DC-8FA2-43214B8B526A} = {40C73BAD-7103-4871-A8BF-8A124963AF22}
		{BE6BE838-4825-4DD4-81A4-72E58B2BB599} = {42E94D50-52CE-4322-806B-DB11749A2F3C}
		{C10EB056-A69C-4786-8F56-E25E4EA2884A} = {D1FC81C4-7745-4155-B660-4D8BDA0CECE7}
		{C679FD7C-B95E-4BA6-80D3-C5BC1BEA17E1} = {40C73BAD-7103-4871-A8BF-8A124963AF22}
		{EE95EC50-C52F-4AB0-A477-070921D9E17D} = {40C73BAD-7103-4871-A8BF-8A124963AF22}
		{F5D919D8-BDA3-401E-9F06-D3D49B1C7512} = {40C73BAD-7103-4871-A8BF-8A124963AF22}
		{FA717A44-758A-4FA4-B807-ABEB36543866} = {42E94D50-52CE-4322-806B-DB11749A2F3C}
	EndGlobalSection
EndGlobal
